// !$*UTF8*$!
{
	archiveVersion = 1;
	classes = {
	};
	objectVersion = 56;
	objects = {

/* Begin PBXBuildFile section */
		5C1FCD632ACEB0DE00FD6215 /* AppEntry.swift in Sources */ = {isa = PBXBuildFile; fileRef = 5C1FCD622ACEB0DE00FD6215 /* AppEntry.swift */; };
		5C1FCD652ACEB0DE00FD6215 /* FoodPickerScreen.swift in Sources */ = {isa = PBXBuildFile; fileRef = 5C1FCD642ACEB0DE00FD6215 /* FoodPickerScreen.swift */; };
		5C1FCD672ACEB0DF00FD6215 /* Assets.xcassets in Resources */ = {isa = PBXBuildFile; fileRef = 5C1FCD662ACEB0DF00FD6215 /* Assets.xcassets */; };
		5C1FCD6A2ACEB0DF00FD6215 /* Preview Assets.xcassets in Resources */ = {isa = PBXBuildFile; fileRef = 5C1FCD692ACEB0DF00FD6215 /* Preview Assets.xcassets */; };
		5C4B1B052AD246A500C573DE /* FoodForm.swift in Sources */ = {isa = PBXBuildFile; fileRef = 5C4B1B042AD246A500C573DE /* FoodForm.swift */; };
		5C4B1B0D2AD434EB00C573DE /* PreviewDevice+.swift in Sources */ = {isa = PBXBuildFile; fileRef = 5C4B1B0C2AD434EB00C573DE /* PreviewDevice+.swift */; };
		5C4B1B142AD4370D00C573DE /* FoodDetailSheet.swift in Sources */ = {isa = PBXBuildFile; fileRef = 5C4B1B132AD4370D00C573DE /* FoodDetailSheet.swift */; };
		5C4B1B162AD4378500C573DE /* Sheet.swift in Sources */ = {isa = PBXBuildFile; fileRef = 5C4B1B152AD4378500C573DE /* Sheet.swift */; };
		5C4B1B192AD4395B00C573DE /* SFSymbol.swift in Sources */ = {isa = PBXBuildFile; fileRef = 5C4B1B182AD4395B00C573DE /* SFSymbol.swift */; };
		5C4B1B1C2AD4646E00C573DE /* View+.swift in Sources */ = {isa = PBXBuildFile; fileRef = 5C4B1B1B2AD4646E00C573DE /* View+.swift */; };
		5C4B1B1E2AD464D200C573DE /* Animation+.swift in Sources */ = {isa = PBXBuildFile; fileRef = 5C4B1B1D2AD464D200C573DE /* Animation+.swift */; };
		5C4B1B202AD4650000C573DE /* AnyLayout+.swift in Sources */ = {isa = PBXBuildFile; fileRef = 5C4B1B1F2AD4650000C573DE /* AnyLayout+.swift */; };
		5C4B1B222AD4653800C573DE /* ShapeStyle+.swift in Sources */ = {isa = PBXBuildFile; fileRef = 5C4B1B212AD4653800C573DE /* ShapeStyle+.swift */; };
		5C4B1B242AD4655000C573DE /* AnyTransition+.swift in Sources */ = {isa = PBXBuildFile; fileRef = 5C4B1B232AD4655000C573DE /* AnyTransition+.swift */; };
		5C4B1B292AD4778700C573DE /* HomeScreen.swift in Sources */ = {isa = PBXBuildFile; fileRef = 5C4B1B282AD4778700C573DE /* HomeScreen.swift */; };
		5C4B1B2B2AD4872B00C573DE /* SettingScreen.swift in Sources */ = {isa = PBXBuildFile; fileRef = 5C4B1B2A2AD4872B00C573DE /* SettingScreen.swift */; };
		5C4B1B2E2AD5044900C573DE /* Unit.swift in Sources */ = {isa = PBXBuildFile; fileRef = 5C4B1B2D2AD5044900C573DE /* Unit.swift */; };
		5C4B1B302AD5049300C573DE /* UserDefaultsKey.swift in Sources */ = {isa = PBXBuildFile; fileRef = 5C4B1B2F2AD5049300C573DE /* UserDefaultsKey.swift */; };
		5C4B1B322AD504FC00C573DE /* AppStorage+.swift in Sources */ = {isa = PBXBuildFile; fileRef = 5C4B1B312AD504FC00C573DE /* AppStorage+.swift */; };
		5C4B1B342AD555D400C573DE /* Array+.swift in Sources */ = {isa = PBXBuildFile; fileRef = 5C4B1B332AD555D400C573DE /* Array+.swift */; };
		5C54B12F2ACECF4B00DD1FC9 /* Food.swift in Sources */ = {isa = PBXBuildFile; fileRef = 5C54B12E2ACECF4B00DD1FC9 /* Food.swift */; };
		5C54B1332ACEEBA600DD1FC9 /* SuffixWrapper.swift in Sources */ = {isa = PBXBuildFile; fileRef = 5C54B1322ACEEBA600DD1FC9 /* SuffixWrapper.swift */; };
		5C54B1352ACEF7CE00DD1FC9 /* FoodListScreen.swift in Sources */ = {isa = PBXBuildFile; fileRef = 5C54B1342ACEF7CE00DD1FC9 /* FoodListScreen.swift */; };
/* End PBXBuildFile section */

/* Begin PBXFileReference section */
		5C1FCD5F2ACEB0DE00FD6215 /* FoodPicker.app */ = {isa = PBXFileReference; explicitFileType = wrapper.application; includeInIndex = 0; path = FoodPicker.app; sourceTree = BUILT_PRODUCTS_DIR; };
		5C1FCD622ACEB0DE00FD6215 /* AppEntry.swift */ = {isa = PBXFileReference; lastKnownFileType = sourcecode.swift; path = AppEntry.swift; sourceTree = "<group>"; };
		5C1FCD642ACEB0DE00FD6215 /* FoodPickerScreen.swift */ = {isa = PBXFileReference; lastKnownFileType = sourcecode.swift; path = FoodPickerScreen.swift; sourceTree = "<group>"; };
		5C1FCD662ACEB0DF00FD6215 /* Assets.xcassets */ = {isa = PBXFileReference; lastKnownFileType = folder.assetcatalog; path = Assets.xcassets; sourceTree = "<group>"; };
		5C1FCD692ACEB0DF00FD6215 /* Preview Assets.xcassets */ = {isa = PBXFileReference; lastKnownFileType = folder.assetcatalog; path = "Preview Assets.xcassets"; sourceTree = "<group>"; };
		5C4B1B042AD246A500C573DE /* FoodForm.swift */ = {isa = PBXFileReference; lastKnownFileType = sourcecode.swift; path = FoodForm.swift; sourceTree = "<group>"; };
		5C4B1B0C2AD434EB00C573DE /* PreviewDevice+.swift */ = {isa = PBXFileReference; lastKnownFileType = sourcecode.swift; path = "PreviewDevice+.swift"; sourceTree = "<group>"; };
		5C4B1B132AD4370D00C573DE /* FoodDetailSheet.swift */ = {isa = PBXFileReference; lastKnownFileType = sourcecode.swift; path = FoodDetailSheet.swift; sourceTree = "<group>"; };
		5C4B1B152AD4378500C573DE /* Sheet.swift */ = {isa = PBXFileReference; lastKnownFileType = sourcecode.swift; path = Sheet.swift; sourceTree = "<group>"; };
		5C4B1B182AD4395B00C573DE /* SFSymbol.swift */ = {isa = PBXFileReference; lastKnownFileType = sourcecode.swift; path = SFSymbol.swift; sourceTree = "<group>"; };
		5C4B1B1B2AD4646E00C573DE /* View+.swift */ = {isa = PBXFileReference; lastKnownFileType = sourcecode.swift; path = "View+.swift"; sourceTree = "<group>"; };
		5C4B1B1D2AD464D200C573DE /* Animation+.swift */ = {isa = PBXFileReference; lastKnownFileType = sourcecode.swift; path = "Animation+.swift"; sourceTree = "<group>"; };
		5C4B1B1F2AD4650000C573DE /* AnyLayout+.swift */ = {isa = PBXFileReference; lastKnownFileType = sourcecode.swift; path = "AnyLayout+.swift"; sourceTree = "<group>"; };
		5C4B1B212AD4653800C573DE /* ShapeStyle+.swift */ = {isa = PBXFileReference; lastKnownFileType = sourcecode.swift; path = "ShapeStyle+.swift"; sourceTree = "<group>"; };
		5C4B1B232AD4655000C573DE /* AnyTransition+.swift */ = {isa = PBXFileReference; lastKnownFileType = sourcecode.swift; path = "AnyTransition+.swift"; sourceTree = "<group>"; };
		5C4B1B282AD4778700C573DE /* HomeScreen.swift */ = {isa = PBXFileReference; lastKnownFileType = sourcecode.swift; path = HomeScreen.swift; sourceTree = "<group>"; };
		5C4B1B2A2AD4872B00C573DE /* SettingScreen.swift */ = {isa = PBXFileReference; lastKnownFileType = sourcecode.swift; path = SettingScreen.swift; sourceTree = "<group>"; };
		5C4B1B2C2AD4E88F00C573DE /* MyPlayground.playground */ = {isa = PBXFileReference; lastKnownFileType = file.playground; path = MyPlayground.playground; sourceTree = "<group>"; xcLanguageSpecificationIdentifier = xcode.lang.swift; };
		5C4B1B2D2AD5044900C573DE /* Unit.swift */ = {isa = PBXFileReference; lastKnownFileType = sourcecode.swift; path = Unit.swift; sourceTree = "<group>"; };
		5C4B1B2F2AD5049300C573DE /* UserDefaultsKey.swift */ = {isa = PBXFileReference; lastKnownFileType = sourcecode.swift; path = UserDefaultsKey.swift; sourceTree = "<group>"; };
		5C4B1B312AD504FC00C573DE /* AppStorage+.swift */ = {isa = PBXFileReference; lastKnownFileType = sourcecode.swift; path = "AppStorage+.swift"; sourceTree = "<group>"; };
		5C4B1B332AD555D400C573DE /* Array+.swift */ = {isa = PBXFileReference; lastKnownFileType = sourcecode.swift; path = "Array+.swift"; sourceTree = "<group>"; };
		5C54B12E2ACECF4B00DD1FC9 /* Food.swift */ = {isa = PBXFileReference; lastKnownFileType = sourcecode.swift; path = Food.swift; sourceTree = "<group>"; };
		5C54B1322ACEEBA600DD1FC9 /* SuffixWrapper.swift */ = {isa = PBXFileReference; lastKnownFileType = sourcecode.swift; path = SuffixWrapper.swift; sourceTree = "<group>"; };
		5C54B1342ACEF7CE00DD1FC9 /* FoodListScreen.swift */ = {isa = PBXFileReference; lastKnownFileType = sourcecode.swift; path = FoodListScreen.swift; sourceTree = "<group>"; };
/* End PBXFileReference section */

/* Begin PBXFrameworksBuildPhase section */
		5C1FCD5C2ACEB0DE00FD6215 /* Frameworks */ = {
			isa = PBXFrameworksBuildPhase;
			buildActionMask = 2147483647;
			files = (
			);
			runOnlyForDeploymentPostprocessing = 0;
		};
/* End PBXFrameworksBuildPhase section */

/* Begin PBXGroup section */
		5C1FCD562ACEB0DE00FD6215 = {
			isa = PBXGroup;
			children = (
				5C4B1B2C2AD4E88F00C573DE /* MyPlayground.playground */,
				5C1FCD612ACEB0DE00FD6215 /* FoodPicker */,
				5C1FCD602ACEB0DE00FD6215 /* Products */,
			);
			sourceTree = "<group>";
		};
		5C1FCD602ACEB0DE00FD6215 /* Products */ = {
			isa = PBXGroup;
			children = (
				5C1FCD5F2ACEB0DE00FD6215 /* FoodPicker.app */,
			);
			name = Products;
			sourceTree = "<group>";
		};
		5C1FCD612ACEB0DE00FD6215 /* FoodPicker */ = {
			isa = PBXGroup;
			children = (
				5C1FCD622ACEB0DE00FD6215 /* AppEntry.swift */,
				5C4B1B092AD4313300C573DE /* Screen */,
				5C4B1B0A2AD434B600C573DE /* Model */,
				5C4B1B0B2AD434C900C573DE /* Extension */,
				5C4B1B172AD4394700C573DE /* Constant */,
				5C4B1B122AD4362B00C573DE /* Utils */,
				5C4B1B0E2AD4355500C573DE /* Resource */,
				5C1FCD682ACEB0DF00FD6215 /* Preview Content */,
			);
			path = FoodPicker;
			sourceTree = "<group>";
		};
		5C1FCD682ACEB0DF00FD6215 /* Preview Content */ = {
			isa = PBXGroup;
			children = (
				5C1FCD692ACEB0DF00FD6215 /* Preview Assets.xcassets */,
			);
			path = "Preview Content";
			sourceTree = "<group>";
		};
		5C4B1B092AD4313300C573DE /* Screen */ = {
			isa = PBXGroup;
			children = (
				5C4B1B102AD435C800C573DE /* FoodList */,
				5C4B1B0F2AD4359800C573DE /* FoodPicker */,
				5C4B1B282AD4778700C573DE /* HomeScreen.swift */,
				5C4B1B2A2AD4872B00C573DE /* SettingScreen.swift */,
			);
			path = Screen;
			sourceTree = "<group>";
		};
		5C4B1B0A2AD434B600C573DE /* Model */ = {
			isa = PBXGroup;
			children = (
				5C54B12E2ACECF4B00DD1FC9 /* Food.swift */,
			);
			path = Model;
			sourceTree = "<group>";
		};
		5C4B1B0B2AD434C900C573DE /* Extension */ = {
			isa = PBXGroup;
			children = (
				5C4B1B1D2AD464D200C573DE /* Animation+.swift */,
				5C4B1B1F2AD4650000C573DE /* AnyLayout+.swift */,
				5C4B1B232AD4655000C573DE /* AnyTransition+.swift */,
				5C4B1B0C2AD434EB00C573DE /* PreviewDevice+.swift */,
				5C4B1B212AD4653800C573DE /* ShapeStyle+.swift */,
				5C4B1B1B2AD4646E00C573DE /* View+.swift */,
				5C4B1B312AD504FC00C573DE /* AppStorage+.swift */,
				5C4B1B332AD555D400C573DE /* Array+.swift */,
			);
			path = Extension;
			sourceTree = "<group>";
		};
		5C4B1B0E2AD4355500C573DE /* Resource */ = {
			isa = PBXGroup;
			children = (
				5C1FCD662ACEB0DF00FD6215 /* Assets.xcassets */,
			);
			path = Resource;
			sourceTree = "<group>";
		};
		5C4B1B0F2AD4359800C573DE /* FoodPicker */ = {
			isa = PBXGroup;
			children = (
				5C1FCD642ACEB0DE00FD6215 /* FoodPickerScreen.swift */,
			);
			path = FoodPicker;
			sourceTree = "<group>";
		};
		5C4B1B102AD435C800C573DE /* FoodList */ = {
			isa = PBXGroup;
			children = (
				5C4B1B112AD435E300C573DE /* View */,
				5C54B1342ACEF7CE00DD1FC9 /* FoodListScreen.swift */,
			);
			path = FoodList;
			sourceTree = "<group>";
		};
		5C4B1B112AD435E300C573DE /* View */ = {
			isa = PBXGroup;
			children = (
				5C4B1B042AD246A500C573DE /* FoodForm.swift */,
				5C4B1B132AD4370D00C573DE /* FoodDetailSheet.swift */,
				5C4B1B152AD4378500C573DE /* Sheet.swift */,
			);
			path = View;
			sourceTree = "<group>";
		};
		5C4B1B122AD4362B00C573DE /* Utils */ = {
			isa = PBXGroup;
			children = (
				5C54B1322ACEEBA600DD1FC9 /* SuffixWrapper.swift */,
			);
			path = Utils;
			sourceTree = "<group>";
		};
		5C4B1B172AD4394700C573DE /* Constant */ = {
			isa = PBXGroup;
			children = (
				5C4B1B182AD4395B00C573DE /* SFSymbol.swift */,
				5C4B1B2D2AD5044900C573DE /* Unit.swift */,
				5C4B1B2F2AD5049300C573DE /* UserDefaultsKey.swift */,
			);
			path = Constant;
			sourceTree = "<group>";
		};
/* End PBXGroup section */

/* Begin PBXNativeTarget section */
		5C1FCD5E2ACEB0DE00FD6215 /* FoodPicker */ = {
			isa = PBXNativeTarget;
			buildConfigurationList = 5C1FCD6D2ACEB0DF00FD6215 /* Build configuration list for PBXNativeTarget "FoodPicker" */;
			buildPhases = (
				5C1FCD5B2ACEB0DE00FD6215 /* Sources */,
				5C1FCD5C2ACEB0DE00FD6215 /* Frameworks */,
				5C1FCD5D2ACEB0DE00FD6215 /* Resources */,
			);
			buildRules = (
			);
			dependencies = (
			);
			name = FoodPicker;
			productName = FoodPicker;
			productReference = 5C1FCD5F2ACEB0DE00FD6215 /* FoodPicker.app */;
			productType = "com.apple.product-type.application";
		};
/* End PBXNativeTarget section */

/* Begin PBXProject section */
		5C1FCD572ACEB0DE00FD6215 /* Project object */ = {
			isa = PBXProject;
			attributes = {
				BuildIndependentTargetsInParallel = 1;
				LastSwiftUpdateCheck = 1500;
				LastUpgradeCheck = 1500;
				TargetAttributes = {
					5C1FCD5E2ACEB0DE00FD6215 = {
						CreatedOnToolsVersion = 15.0;
					};
				};
			};
			buildConfigurationList = 5C1FCD5A2ACEB0DE00FD6215 /* Build configuration list for PBXProject "FoodPicker" */;
			compatibilityVersion = "Xcode 14.0";
			developmentRegion = en;
			hasScannedForEncodings = 0;
			knownRegions = (
				en,
				Base,
			);
			mainGroup = 5C1FCD562ACEB0DE00FD6215;
			productRefGroup = 5C1FCD602ACEB0DE00FD6215 /* Products */;
			projectDirPath = "";
			projectRoot = "";
			targets = (
				5C1FCD5E2ACEB0DE00FD6215 /* FoodPicker */,
			);
		};
/* End PBXProject section */

/* Begin PBXResourcesBuildPhase section */
		5C1FCD5D2ACEB0DE00FD6215 /* Resources */ = {
			isa = PBXResourcesBuildPhase;
			buildActionMask = 2147483647;
			files = (
				5C1FCD6A2ACEB0DF00FD6215 /* Preview Assets.xcassets in Resources */,
				5C1FCD672ACEB0DF00FD6215 /* Assets.xcassets in Resources */,
			);
			runOnlyForDeploymentPostprocessing = 0;
		};
/* End PBXResourcesBuildPhase section */

/* Begin PBXSourcesBuildPhase section */
		5C1FCD5B2ACEB0DE00FD6215 /* Sources */ = {
			isa = PBXSourcesBuildPhase;
			buildActionMask = 2147483647;
			files = (
				5C4B1B2B2AD4872B00C573DE /* SettingScreen.swift in Sources */,
				5C54B1352ACEF7CE00DD1FC9 /* FoodListScreen.swift in Sources */,
				5C4B1B242AD4655000C573DE /* AnyTransition+.swift in Sources */,
				5C4B1B2E2AD5044900C573DE /* Unit.swift in Sources */,
				5C4B1B142AD4370D00C573DE /* FoodDetailSheet.swift in Sources */,
				5C4B1B052AD246A500C573DE /* FoodForm.swift in Sources */,
				5C4B1B292AD4778700C573DE /* HomeScreen.swift in Sources */,
				5C4B1B302AD5049300C573DE /* UserDefaultsKey.swift in Sources */,
				5C1FCD652ACEB0DE00FD6215 /* FoodPickerScreen.swift in Sources */,
				5C4B1B322AD504FC00C573DE /* AppStorage+.swift in Sources */,
				5C4B1B1C2AD4646E00C573DE /* View+.swift in Sources */,
				5C1FCD632ACEB0DE00FD6215 /* AppEntry.swift in Sources */,
				5C4B1B162AD4378500C573DE /* Sheet.swift in Sources */,
				5C4B1B342AD555D400C573DE /* Array+.swift in Sources */,
				5C4B1B0D2AD434EB00C573DE /* PreviewDevice+.swift in Sources */,
				5C54B12F2ACECF4B00DD1FC9 /* Food.swift in Sources */,
				5C54B1332ACEEBA600DD1FC9 /* SuffixWrapper.swift in Sources */,
				5C4B1B222AD4653800C573DE /* ShapeStyle+.swift in Sources */,
				5C4B1B192AD4395B00C573DE /* SFSymbol.swift in Sources */,
				5C4B1B202AD4650000C573DE /* AnyLayout+.swift in Sources */,
				5C4B1B1E2AD464D200C573DE /* Animation+.swift in Sources */,
			);
			runOnlyForDeploymentPostprocessing = 0;
		};
/* End PBXSourcesBuildPhase section */

/* Begin XCBuildConfiguration section */
		5C1FCD6B2ACEB0DF00FD6215 /* Debug */ = {
			isa = XCBuildConfiguration;
			buildSettings = {
				ALWAYS_SEARCH_USER_PATHS = NO;
				ASSETCATALOG_COMPILER_GENERATE_SWIFT_ASSET_SYMBOL_EXTENSIONS = YES;
				CLANG_ANALYZER_NONNULL = YES;
				CLANG_ANALYZER_NUMBER_OBJECT_CONVERSION = YES_AGGRESSIVE;
				CLANG_CXX_LANGUAGE_STANDARD = "gnu++20";
				CLANG_ENABLE_MODULES = YES;
				CLANG_ENABLE_OBJC_ARC = YES;
				CLANG_ENABLE_OBJC_WEAK = YES;
				CLANG_WARN_BLOCK_CAPTURE_AUTORELEASING = YES;
				CLANG_WARN_BOOL_CONVERSION = YES;
				CLANG_WARN_COMMA = YES;
				CLANG_WARN_CONSTANT_CONVERSION = YES;
				CLANG_WARN_DEPRECATED_OBJC_IMPLEMENTATIONS = YES;
				CLANG_WARN_DIRECT_OBJC_ISA_USAGE = YES_ERROR;
				CLANG_WARN_DOCUMENTATION_COMMENTS = YES;
				CLANG_WARN_EMPTY_BODY = YES;
				CLANG_WARN_ENUM_CONVERSION = YES;
				CLANG_WARN_INFINITE_RECURSION = YES;
				CLANG_WARN_INT_CONVERSION = YES;
				CLANG_WARN_NON_LITERAL_NULL_CONVERSION = YES;
				CLANG_WARN_OBJC_IMPLICIT_RETAIN_SELF = YES;
				CLANG_WARN_OBJC_LITERAL_CONVERSION = YES;
				CLANG_WARN_OBJC_ROOT_CLASS = YES_ERROR;
				CLANG_WARN_QUOTED_INCLUDE_IN_FRAMEWORK_HEADER = YES;
				CLANG_WARN_RANGE_LOOP_ANALYSIS = YES;
				CLANG_WARN_STRICT_PROTOTYPES = YES;
				CLANG_WARN_SUSPICIOUS_MOVE = YES;
				CLANG_WARN_UNGUARDED_AVAILABILITY = YES_AGGRESSIVE;
				CLANG_WARN_UNREACHABLE_CODE = YES;
				CLANG_WARN__DUPLICATE_METHOD_MATCH = YES;
				COPY_PHASE_STRIP = NO;
				DEBUG_INFORMATION_FORMAT = dwarf;
				ENABLE_STRICT_OBJC_MSGSEND = YES;
				ENABLE_TESTABILITY = YES;
				ENABLE_USER_SCRIPT_SANDBOXING = YES;
				GCC_C_LANGUAGE_STANDARD = gnu17;
				GCC_DYNAMIC_NO_PIC = NO;
				GCC_NO_COMMON_BLOCKS = YES;
				GCC_OPTIMIZATION_LEVEL = 0;
				GCC_PREPROCESSOR_DEFINITIONS = (
					"DEBUG=1",
					"$(inherited)",
				);
				GCC_WARN_64_TO_32_BIT_CONVERSION = YES;
				GCC_WARN_ABOUT_RETURN_TYPE = YES_ERROR;
				GCC_WARN_UNDECLARED_SELECTOR = YES;
				GCC_WARN_UNINITIALIZED_AUTOS = YES_AGGRESSIVE;
				GCC_WARN_UNUSED_FUNCTION = YES;
				GCC_WARN_UNUSED_VARIABLE = YES;
				IPHONEOS_DEPLOYMENT_TARGET = 16.0;
				LOCALIZATION_PREFERS_STRING_CATALOGS = YES;
				MTL_ENABLE_DEBUG_INFO = INCLUDE_SOURCE;
				MTL_FAST_MATH = YES;
				ONLY_ACTIVE_ARCH = YES;
				SDKROOT = iphoneos;
				SWIFT_ACTIVE_COMPILATION_CONDITIONS = "DEBUG $(inherited)";
				SWIFT_OPTIMIZATION_LEVEL = "-Onone";
			};
			name = Debug;
		};
		5C1FCD6C2ACEB0DF00FD6215 /* Release */ = {
			isa = XCBuildConfiguration;
			buildSettings = {
				ALWAYS_SEARCH_USER_PATHS = NO;
				ASSETCATALOG_COMPILER_GENERATE_SWIFT_ASSET_SYMBOL_EXTENSIONS = YES;
				CLANG_ANALYZER_NONNULL = YES;
				CLANG_ANALYZER_NUMBER_OBJECT_CONVERSION = YES_AGGRESSIVE;
				CLANG_CXX_LANGUAGE_STANDARD = "gnu++20";
				CLANG_ENABLE_MODULES = YES;
				CLANG_ENABLE_OBJC_ARC = YES;
				CLANG_ENABLE_OBJC_WEAK = YES;
				CLANG_WARN_BLOCK_CAPTURE_AUTORELEASING = YES;
				CLANG_WARN_BOOL_CONVERSION = YES;
				CLANG_WARN_COMMA = YES;
				CLANG_WARN_CONSTANT_CONVERSION = YES;
				CLANG_WARN_DEPRECATED_OBJC_IMPLEMENTATIONS = YES;
				CLANG_WARN_DIRECT_OBJC_ISA_USAGE = YES_ERROR;
				CLANG_WARN_DOCUMENTATION_COMMENTS = YES;
				CLANG_WARN_EMPTY_BODY = YES;
				CLANG_WARN_ENUM_CONVERSION = YES;
				CLANG_WARN_INFINITE_RECURSION = YES;
				CLANG_WARN_INT_CONVERSION = YES;
				CLANG_WARN_NON_LITERAL_NULL_CONVERSION = YES;
				CLANG_WARN_OBJC_IMPLICIT_RETAIN_SELF = YES;
				CLANG_WARN_OBJC_LITERAL_CONVERSION = YES;
				CLANG_WARN_OBJC_ROOT_CLASS = YES_ERROR;
				CLANG_WARN_QUOTED_INCLUDE_IN_FRAMEWORK_HEADER = YES;
				CLANG_WARN_RANGE_LOOP_ANALYSIS = YES;
				CLANG_WARN_STRICT_PROTOTYPES = YES;
				CLANG_WARN_SUSPICIOUS_MOVE = YES;
				CLANG_WARN_UNGUARDED_AVAILABILITY = YES_AGGRESSIVE;
				CLANG_WARN_UNREACHABLE_CODE = YES;
				CLANG_WARN__DUPLICATE_METHOD_MATCH = YES;
				COPY_PHASE_STRIP = NO;
				DEBUG_INFORMATION_FORMAT = "dwarf-with-dsym";
				ENABLE_NS_ASSERTIONS = NO;
				ENABLE_STRICT_OBJC_MSGSEND = YES;
				ENABLE_USER_SCRIPT_SANDBOXING = YES;
				GCC_C_LANGUAGE_STANDARD = gnu17;
				GCC_NO_COMMON_BLOCKS = YES;
				GCC_WARN_64_TO_32_BIT_CONVERSION = YES;
				GCC_WARN_ABOUT_RETURN_TYPE = YES_ERROR;
				GCC_WARN_UNDECLARED_SELECTOR = YES;
				GCC_WARN_UNINITIALIZED_AUTOS = YES_AGGRESSIVE;
				GCC_WARN_UNUSED_FUNCTION = YES;
				GCC_WARN_UNUSED_VARIABLE = YES;
				IPHONEOS_DEPLOYMENT_TARGET = 16.0;
				LOCALIZATION_PREFERS_STRING_CATALOGS = YES;
				MTL_ENABLE_DEBUG_INFO = NO;
				MTL_FAST_MATH = YES;
				SDKROOT = iphoneos;
				SWIFT_COMPILATION_MODE = wholemodule;
				VALIDATE_PRODUCT = YES;
			};
			name = Release;
		};
		5C1FCD6E2ACEB0DF00FD6215 /* Debug */ = {
			isa = XCBuildConfiguration;
			buildSettings = {
				ASSETCATALOG_COMPILER_APPICON_NAME = AppIcon;
				ASSETCATALOG_COMPILER_GLOBAL_ACCENT_COLOR_NAME = AccentColor;
				CODE_SIGN_STYLE = Automatic;
				CURRENT_PROJECT_VERSION = 1;
				DEVELOPMENT_ASSET_PATHS = "\"FoodPicker/Preview Content\"";
				DEVELOPMENT_TEAM = 95VT929YHJ;
				ENABLE_PREVIEWS = YES;
				GENERATE_INFOPLIST_FILE = YES;
				INFOPLIST_KEY_UIApplicationSceneManifest_Generation = YES;
				INFOPLIST_KEY_UIApplicationSupportsIndirectInputEvents = YES;
				INFOPLIST_KEY_UILaunchScreen_Generation = YES;
				INFOPLIST_KEY_UISupportedInterfaceOrientations = UIInterfaceOrientationPortrait;
				INFOPLIST_KEY_UISupportedInterfaceOrientations_iPad = "UIInterfaceOrientationLandscapeLeft UIInterfaceOrientationLandscapeRight UIInterfaceOrientationPortrait UIInterfaceOrientationPortraitUpsideDown";
				IPHONEOS_DEPLOYMENT_TARGET = 16.0;
				LD_RUNPATH_SEARCH_PATHS = (
					"$(inherited)",
					"@executable_path/Frameworks",
				);
				MARKETING_VERSION = 1.0;
				PRODUCT_BUNDLE_IDENTIFIER = com.atcumt.FoodPicker;
				PRODUCT_NAME = "$(TARGET_NAME)";
				SWIFT_EMIT_LOC_STRINGS = YES;
				SWIFT_VERSION = 5.0;
				TARGETED_DEVICE_FAMILY = "1,2";
			};
			name = Debug;
		};
		5C1FCD6F2ACEB0DF00FD6215 /* Release */ = {
			isa = XCBuildConfiguration;
			buildSettings = {
				ASSETCATALOG_COMPILER_APPICON_NAME = AppIcon;
				ASSETCATALOG_COMPILER_GLOBAL_ACCENT_COLOR_NAME = AccentColor;
				CODE_SIGN_STYLE = Automatic;
				CURRENT_PROJECT_VERSION = 1;
				DEVELOPMENT_ASSET_PATHS = "\"FoodPicker/Preview Content\"";
				DEVELOPMENT_TEAM = 95VT929YHJ;
				ENABLE_PREVIEWS = YES;
				GENERATE_INFOPLIST_FILE = YES;
				INFOPLIST_KEY_UIApplicationSceneManifest_Generation = YES;
				INFOPLIST_KEY_UIApplicationSupportsIndirectInputEvents = YES;
				INFOPLIST_KEY_UILaunchScreen_Generation = YES;
				INFOPLIST_KEY_UISupportedInterfaceOrientations = UIInterfaceOrientationPortrait;
				INFOPLIST_KEY_UISupportedInterfaceOrientations_iPad = "UIInterfaceOrientationLandscapeLeft UIInterfaceOrientationLandscapeRight UIInterfaceOrientationPortrait UIInterfaceOrientationPortraitUpsideDown";
				IPHONEOS_DEPLOYMENT_TARGET = 16.0;
				LD_RUNPATH_SEARCH_PATHS = (
					"$(inherited)",
					"@executable_path/Frameworks",
				);
				MARKETING_VERSION = 1.0;
				PRODUCT_BUNDLE_IDENTIFIER = com.atcumt.FoodPicker;
				PRODUCT_NAME = "$(TARGET_NAME)";
				SWIFT_EMIT_LOC_STRINGS = YES;
				SWIFT_VERSION = 5.0;
				TARGETED_DEVICE_FAMILY = "1,2";
			};
			name = Release;
		};
/* End XCBuildConfiguration section */

/* Begin XCConfigurationList section */
		5C1FCD5A2ACEB0DE00FD6215 /* Build configuration list for PBXProject "FoodPicker" */ = {
			isa = XCConfigurationList;
			buildConfigurations = (
				5C1FCD6B2ACEB0DF00FD6215 /* Debug */,
				5C1FCD6C2ACEB0DF00FD6215 /* Release */,
			);
			defaultConfigurationIsVisible = 0;
			defaultConfigurationName = Release;
		};
		5C1FCD6D2ACEB0DF00FD6215 /* Build configuration list for PBXNativeTarget "FoodPicker" */ = {
			isa = XCConfigurationList;
			buildConfigurations = (
				5C1FCD6E2ACEB0DF00FD6215 /* Debug */,
				5C1FCD6F2ACEB0DF00FD6215 /* Release */,
			);
			defaultConfigurationIsVisible = 0;
			defaultConfigurationName = Release;
		};
/* End XCConfigurationList section */
	};
	rootObject = 5C1FCD572ACEB0DE00FD6215 /* Project object */;
}
