// !$*UTF8*$!
{
	archiveVersion = 1;
	classes = {
	};
	objectVersion = 56;
	objects = {

/* Begin PBXBuildFile section */
		5C0016DD2AEE4B9700CAE12C /* View+MyFriendlyErrorMessage.swift in Sources */ = {isa = PBXBuildFile; fileRef = 5C0016DC2AEE4B9700CAE12C /* View+MyFriendlyErrorMessage.swift */; };
		5C1FCD632ACEB0DE00FD6215 /* AppEntry.swift in Sources */ = {isa = PBXBuildFile; fileRef = 5C1FCD622ACEB0DE00FD6215 /* AppEntry.swift */; };
		5C1FCD652ACEB0DE00FD6215 /* FoodPickerScreen.swift in Sources */ = {isa = PBXBuildFile; fileRef = 5C1FCD642ACEB0DE00FD6215 /* FoodPickerScreen.swift */; };
		5C1FCD672ACEB0DF00FD6215 /* Assets.xcassets in Resources */ = {isa = PBXBuildFile; fileRef = 5C1FCD662ACEB0DF00FD6215 /* Assets.xcassets */; };
		5C1FCD6A2ACEB0DF00FD6215 /* Preview Assets.xcassets in Resources */ = {isa = PBXBuildFile; fileRef = 5C1FCD692ACEB0DF00FD6215 /* Preview Assets.xcassets */; };
		5C4B1B052AD246A500C573DE /* FoodForm.swift in Sources */ = {isa = PBXBuildFile; fileRef = 5C4B1B042AD246A500C573DE /* FoodForm.swift */; };
		5C4B1B0D2AD434EB00C573DE /* PreviewDevice+.swift in Sources */ = {isa = PBXBuildFile; fileRef = 5C4B1B0C2AD434EB00C573DE /* PreviewDevice+.swift */; };
		5C4B1B142AD4370D00C573DE /* FoodDetailSheet.swift in Sources */ = {isa = PBXBuildFile; fileRef = 5C4B1B132AD4370D00C573DE /* FoodDetailSheet.swift */; };
		5C4B1B162AD4378500C573DE /* Sheet.swift in Sources */ = {isa = PBXBuildFile; fileRef = 5C4B1B152AD4378500C573DE /* Sheet.swift */; };
		5C4B1B192AD4395B00C573DE /* SFSymbol.swift in Sources */ = {isa = PBXBuildFile; fileRef = 5C4B1B182AD4395B00C573DE /* SFSymbol.swift */; };
		5C4B1B1C2AD4646E00C573DE /* View+.swift in Sources */ = {isa = PBXBuildFile; fileRef = 5C4B1B1B2AD4646E00C573DE /* View+.swift */; };
		5C4B1B1E2AD464D200C573DE /* Animation+.swift in Sources */ = {isa = PBXBuildFile; fileRef = 5C4B1B1D2AD464D200C573DE /* Animation+.swift */; };
		5C4B1B202AD4650000C573DE /* AnyLayout+.swift in Sources */ = {isa = PBXBuildFile; fileRef = 5C4B1B1F2AD4650000C573DE /* AnyLayout+.swift */; };
		5C4B1B222AD4653800C573DE /* ShapeStyle+.swift in Sources */ = {isa = PBXBuildFile; fileRef = 5C4B1B212AD4653800C573DE /* ShapeStyle+.swift */; };
		5C4B1B242AD4655000C573DE /* AnyTransition+.swift in Sources */ = {isa = PBXBuildFile; fileRef = 5C4B1B232AD4655000C573DE /* AnyTransition+.swift */; };
		5C4B1B292AD4778700C573DE /* HomeScreen.swift in Sources */ = {isa = PBXBuildFile; fileRef = 5C4B1B282AD4778700C573DE /* HomeScreen.swift */; };
		5C4B1B2B2AD4872B00C573DE /* SettingScreen.swift in Sources */ = {isa = PBXBuildFile; fileRef = 5C4B1B2A2AD4872B00C573DE /* SettingScreen.swift */; };
		5C4B1B2E2AD5044900C573DE /* Unit.swift in Sources */ = {isa = PBXBuildFile; fileRef = 5C4B1B2D2AD5044900C573DE /* Unit.swift */; };
		5C4B1B302AD5049300C573DE /* UserDefaultsKey.swift in Sources */ = {isa = PBXBuildFile; fileRef = 5C4B1B2F2AD5049300C573DE /* UserDefaultsKey.swift */; };
		5C4B1B322AD504FC00C573DE /* AppStorage+.swift in Sources */ = {isa = PBXBuildFile; fileRef = 5C4B1B312AD504FC00C573DE /* AppStorage+.swift */; };
		5C4B1B342AD555D400C573DE /* Array+.swift in Sources */ = {isa = PBXBuildFile; fileRef = 5C4B1B332AD555D400C573DE /* Array+.swift */; };
		5C4B1B3C2AD5610600C573DE /* FoodPickerTests.swift in Sources */ = {isa = PBXBuildFile; fileRef = 5C4B1B3B2AD5610600C573DE /* FoodPickerTests.swift */; };
		5C54B12F2ACECF4B00DD1FC9 /* Food.swift in Sources */ = {isa = PBXBuildFile; fileRef = 5C54B12E2ACECF4B00DD1FC9 /* Food.swift */; };
		5C54B1332ACEEBA600DD1FC9 /* SuffixWrapper.swift in Sources */ = {isa = PBXBuildFile; fileRef = 5C54B1322ACEEBA600DD1FC9 /* SuffixWrapper.swift */; };
		5C54B1352ACEF7CE00DD1FC9 /* FoodListScreen.swift in Sources */ = {isa = PBXBuildFile; fileRef = 5C54B1342ACEF7CE00DD1FC9 /* FoodListScreen.swift */; };
		5C6290092AD6E21C00126370 /* MyUnitProtocol.swift in Sources */ = {isa = PBXBuildFile; fileRef = 5C6290082AD6E21C00126370 /* MyUnitProtocol.swift */; };
		5C6290112AD9363B00126370 /* AsyncImageDemoApp.swift in Sources */ = {isa = PBXBuildFile; fileRef = 5C6290102AD9363B00126370 /* AsyncImageDemoApp.swift */; };
		5C6290132AD9363B00126370 /* ContentView.swift in Sources */ = {isa = PBXBuildFile; fileRef = 5C6290122AD9363B00126370 /* ContentView.swift */; };
		5C6290152AD9363C00126370 /* Assets.xcassets in Resources */ = {isa = PBXBuildFile; fileRef = 5C6290142AD9363C00126370 /* Assets.xcassets */; };
		5C6290182AD9363C00126370 /* Preview Assets.xcassets in Resources */ = {isa = PBXBuildFile; fileRef = 5C6290172AD9363C00126370 /* Preview Assets.xcassets */; };
		5C6456032ADA9078006CDBD4 /* AppEntry.swift in Sources */ = {isa = PBXBuildFile; fileRef = 5C6456022ADA9078006CDBD4 /* AppEntry.swift */; };
		5C6456072ADA907A006CDBD4 /* Assets.xcassets in Resources */ = {isa = PBXBuildFile; fileRef = 5C6456062ADA907A006CDBD4 /* Assets.xcassets */; };
		5C64560A2ADA907A006CDBD4 /* Preview Assets.xcassets in Resources */ = {isa = PBXBuildFile; fileRef = 5C6456092ADA907A006CDBD4 /* Preview Assets.xcassets */; };
		5C6456142ADA9089006CDBD4 /* Decoding+.swift in Sources */ = {isa = PBXBuildFile; fileRef = 5C64560F2ADA9089006CDBD4 /* Decoding+.swift */; };
		5C6456152ADA9089006CDBD4 /* URLCache+.swift in Sources */ = {isa = PBXBuildFile; fileRef = 5C6456102ADA9089006CDBD4 /* URLCache+.swift */; };
		5C6456162ADA9089006CDBD4 /* URL+.swift in Sources */ = {isa = PBXBuildFile; fileRef = 5C6456112ADA9089006CDBD4 /* URL+.swift */; };
		5C6456172ADA9089006CDBD4 /* URLSession+.swift in Sources */ = {isa = PBXBuildFile; fileRef = 5C6456122ADA9089006CDBD4 /* URLSession+.swift */; };
		5C6456182ADA9089006CDBD4 /* Operator+.swift in Sources */ = {isa = PBXBuildFile; fileRef = 5C6456132ADA9089006CDBD4 /* Operator+.swift */; };
		5C64561D2ADA90A2006CDBD4 /* FavoriteScreen.swift in Sources */ = {isa = PBXBuildFile; fileRef = 5C64561A2ADA90A2006CDBD4 /* FavoriteScreen.swift */; };
		5C64561E2ADA90A2006CDBD4 /* HomeScreen.swift in Sources */ = {isa = PBXBuildFile; fileRef = 5C64561B2ADA90A2006CDBD4 /* HomeScreen.swift */; };
		5C64561F2ADA90A2006CDBD4 /* CatImagesScreen.swift in Sources */ = {isa = PBXBuildFile; fileRef = 5C64561C2ADA90A2006CDBD4 /* CatImagesScreen.swift */; };
		5C6456232ADA90AA006CDBD4 /* CatImageView.swift in Sources */ = {isa = PBXBuildFile; fileRef = 5C6456212ADA90AA006CDBD4 /* CatImageView.swift */; };
		5C6456242ADA90AA006CDBD4 /* CatImageViewModel.swift in Sources */ = {isa = PBXBuildFile; fileRef = 5C6456222ADA90AA006CDBD4 /* CatImageViewModel.swift */; };
		5C9A83952ADD0B4100F2DCAC /* CatAPIManager.swift in Sources */ = {isa = PBXBuildFile; fileRef = 5C9A83942ADD0B4100F2DCAC /* CatAPIManager.swift */; };
		5C9A839D2ADD140200F2DCAC /* NetworkManagerPracticeTests.swift in Sources */ = {isa = PBXBuildFile; fileRef = 5C9A839C2ADD140200F2DCAC /* NetworkManagerPracticeTests.swift */; };
		5C9A83A52ADD215900F2DCAC /* CatAPIManager+Env.swift in Sources */ = {isa = PBXBuildFile; fileRef = 5C9A83A42ADD215900F2DCAC /* CatAPIManager+Env.swift */; };
		5CAA99D82ADE5E8200F14D94 /* MySecret.swift in Sources */ = {isa = PBXBuildFile; fileRef = 5CAA99D72ADE5E8200F14D94 /* MySecret.swift */; };
		5CAA99DB2ADE607B00F14D94 /* CatAPIManager+Stub.swift in Sources */ = {isa = PBXBuildFile; fileRef = 5CAA99DA2ADE607B00F14D94 /* CatAPIManager+Stub.swift */; };
		5CCBD6A12AEB9D0F00E507B1 /* FavoriteItem.swift in Sources */ = {isa = PBXBuildFile; fileRef = 5CCBD6A02AEB9D0F00E507B1 /* FavoriteItem.swift */; };
		5CCBD6A32AECDD1E00E507B1 /* Task+.swift in Sources */ = {isa = PBXBuildFile; fileRef = 5CCBD6A22AECDD1E00E507B1 /* Task+.swift */; };
/* End PBXBuildFile section */

/* Begin PBXContainerItemProxy section */
		5C4B1B3D2AD5610600C573DE /* PBXContainerItemProxy */ = {
			isa = PBXContainerItemProxy;
			containerPortal = 5C1FCD572ACEB0DE00FD6215 /* Project object */;
			proxyType = 1;
			remoteGlobalIDString = 5C1FCD5E2ACEB0DE00FD6215;
			remoteInfo = FoodPicker;
		};
		5C9A839E2ADD140200F2DCAC /* PBXContainerItemProxy */ = {
			isa = PBXContainerItemProxy;
			containerPortal = 5C1FCD572ACEB0DE00FD6215 /* Project object */;
			proxyType = 1;
			remoteGlobalIDString = 5C6455FF2ADA9078006CDBD4;
			remoteInfo = NetworkManagerPractice;
		};
/* End PBXContainerItemProxy section */

/* Begin PBXFileReference section */
		5C0016DC2AEE4B9700CAE12C /* View+MyFriendlyErrorMessage.swift */ = {isa = PBXFileReference; lastKnownFileType = sourcecode.swift; path = "View+MyFriendlyErrorMessage.swift"; sourceTree = "<group>"; };
		5C1FCD5F2ACEB0DE00FD6215 /* FoodPicker.app */ = {isa = PBXFileReference; explicitFileType = wrapper.application; includeInIndex = 0; path = FoodPicker.app; sourceTree = BUILT_PRODUCTS_DIR; };
		5C1FCD622ACEB0DE00FD6215 /* AppEntry.swift */ = {isa = PBXFileReference; lastKnownFileType = sourcecode.swift; path = AppEntry.swift; sourceTree = "<group>"; };
		5C1FCD642ACEB0DE00FD6215 /* FoodPickerScreen.swift */ = {isa = PBXFileReference; lastKnownFileType = sourcecode.swift; path = FoodPickerScreen.swift; sourceTree = "<group>"; };
		5C1FCD662ACEB0DF00FD6215 /* Assets.xcassets */ = {isa = PBXFileReference; lastKnownFileType = folder.assetcatalog; path = Assets.xcassets; sourceTree = "<group>"; };
		5C1FCD692ACEB0DF00FD6215 /* Preview Assets.xcassets */ = {isa = PBXFileReference; lastKnownFileType = folder.assetcatalog; path = "Preview Assets.xcassets"; sourceTree = "<group>"; };
		5C4B1B042AD246A500C573DE /* FoodForm.swift */ = {isa = PBXFileReference; lastKnownFileType = sourcecode.swift; path = FoodForm.swift; sourceTree = "<group>"; };
		5C4B1B0C2AD434EB00C573DE /* PreviewDevice+.swift */ = {isa = PBXFileReference; lastKnownFileType = sourcecode.swift; path = "PreviewDevice+.swift"; sourceTree = "<group>"; };
		5C4B1B132AD4370D00C573DE /* FoodDetailSheet.swift */ = {isa = PBXFileReference; lastKnownFileType = sourcecode.swift; path = FoodDetailSheet.swift; sourceTree = "<group>"; };
		5C4B1B152AD4378500C573DE /* Sheet.swift */ = {isa = PBXFileReference; lastKnownFileType = sourcecode.swift; path = Sheet.swift; sourceTree = "<group>"; };
		5C4B1B182AD4395B00C573DE /* SFSymbol.swift */ = {isa = PBXFileReference; lastKnownFileType = sourcecode.swift; path = SFSymbol.swift; sourceTree = "<group>"; };
		5C4B1B1B2AD4646E00C573DE /* View+.swift */ = {isa = PBXFileReference; lastKnownFileType = sourcecode.swift; path = "View+.swift"; sourceTree = "<group>"; };
		5C4B1B1D2AD464D200C573DE /* Animation+.swift */ = {isa = PBXFileReference; lastKnownFileType = sourcecode.swift; path = "Animation+.swift"; sourceTree = "<group>"; };
		5C4B1B1F2AD4650000C573DE /* AnyLayout+.swift */ = {isa = PBXFileReference; lastKnownFileType = sourcecode.swift; path = "AnyLayout+.swift"; sourceTree = "<group>"; };
		5C4B1B212AD4653800C573DE /* ShapeStyle+.swift */ = {isa = PBXFileReference; lastKnownFileType = sourcecode.swift; path = "ShapeStyle+.swift"; sourceTree = "<group>"; };
		5C4B1B232AD4655000C573DE /* AnyTransition+.swift */ = {isa = PBXFileReference; lastKnownFileType = sourcecode.swift; path = "AnyTransition+.swift"; sourceTree = "<group>"; };
		5C4B1B282AD4778700C573DE /* HomeScreen.swift */ = {isa = PBXFileReference; lastKnownFileType = sourcecode.swift; path = HomeScreen.swift; sourceTree = "<group>"; };
		5C4B1B2A2AD4872B00C573DE /* SettingScreen.swift */ = {isa = PBXFileReference; lastKnownFileType = sourcecode.swift; path = SettingScreen.swift; sourceTree = "<group>"; };
		5C4B1B2C2AD4E88F00C573DE /* MyPlayground.playground */ = {isa = PBXFileReference; lastKnownFileType = file.playground; path = MyPlayground.playground; sourceTree = "<group>"; xcLanguageSpecificationIdentifier = xcode.lang.swift; };
		5C4B1B2D2AD5044900C573DE /* Unit.swift */ = {isa = PBXFileReference; lastKnownFileType = sourcecode.swift; path = Unit.swift; sourceTree = "<group>"; };
		5C4B1B2F2AD5049300C573DE /* UserDefaultsKey.swift */ = {isa = PBXFileReference; lastKnownFileType = sourcecode.swift; path = UserDefaultsKey.swift; sourceTree = "<group>"; };
		5C4B1B312AD504FC00C573DE /* AppStorage+.swift */ = {isa = PBXFileReference; lastKnownFileType = sourcecode.swift; path = "AppStorage+.swift"; sourceTree = "<group>"; };
		5C4B1B332AD555D400C573DE /* Array+.swift */ = {isa = PBXFileReference; lastKnownFileType = sourcecode.swift; path = "Array+.swift"; sourceTree = "<group>"; };
		5C4B1B392AD5610600C573DE /* FoodPickerTests.xctest */ = {isa = PBXFileReference; explicitFileType = wrapper.cfbundle; includeInIndex = 0; path = FoodPickerTests.xctest; sourceTree = BUILT_PRODUCTS_DIR; };
		5C4B1B3B2AD5610600C573DE /* FoodPickerTests.swift */ = {isa = PBXFileReference; lastKnownFileType = sourcecode.swift; path = FoodPickerTests.swift; sourceTree = "<group>"; };
		5C54B12E2ACECF4B00DD1FC9 /* Food.swift */ = {isa = PBXFileReference; lastKnownFileType = sourcecode.swift; path = Food.swift; sourceTree = "<group>"; };
		5C54B1322ACEEBA600DD1FC9 /* SuffixWrapper.swift */ = {isa = PBXFileReference; lastKnownFileType = sourcecode.swift; path = SuffixWrapper.swift; sourceTree = "<group>"; };
		5C54B1342ACEF7CE00DD1FC9 /* FoodListScreen.swift */ = {isa = PBXFileReference; lastKnownFileType = sourcecode.swift; path = FoodListScreen.swift; sourceTree = "<group>"; };
		5C6290082AD6E21C00126370 /* MyUnitProtocol.swift */ = {isa = PBXFileReference; lastKnownFileType = sourcecode.swift; path = MyUnitProtocol.swift; sourceTree = "<group>"; };
		5C62900E2AD9363B00126370 /* AsyncImageDemo.app */ = {isa = PBXFileReference; explicitFileType = wrapper.application; includeInIndex = 0; path = AsyncImageDemo.app; sourceTree = BUILT_PRODUCTS_DIR; };
		5C6290102AD9363B00126370 /* AsyncImageDemoApp.swift */ = {isa = PBXFileReference; lastKnownFileType = sourcecode.swift; path = AsyncImageDemoApp.swift; sourceTree = "<group>"; };
		5C6290122AD9363B00126370 /* ContentView.swift */ = {isa = PBXFileReference; lastKnownFileType = sourcecode.swift; path = ContentView.swift; sourceTree = "<group>"; };
		5C6290142AD9363C00126370 /* Assets.xcassets */ = {isa = PBXFileReference; lastKnownFileType = folder.assetcatalog; path = Assets.xcassets; sourceTree = "<group>"; };
		5C6290172AD9363C00126370 /* Preview Assets.xcassets */ = {isa = PBXFileReference; lastKnownFileType = folder.assetcatalog; path = "Preview Assets.xcassets"; sourceTree = "<group>"; };
		5C6456002ADA9078006CDBD4 /* NetworkManagerPractice.app */ = {isa = PBXFileReference; explicitFileType = wrapper.application; includeInIndex = 0; path = NetworkManagerPractice.app; sourceTree = BUILT_PRODUCTS_DIR; };
		5C6456022ADA9078006CDBD4 /* AppEntry.swift */ = {isa = PBXFileReference; lastKnownFileType = sourcecode.swift; path = AppEntry.swift; sourceTree = "<group>"; };
		5C6456062ADA907A006CDBD4 /* Assets.xcassets */ = {isa = PBXFileReference; lastKnownFileType = folder.assetcatalog; path = Assets.xcassets; sourceTree = "<group>"; };
		5C6456092ADA907A006CDBD4 /* Preview Assets.xcassets */ = {isa = PBXFileReference; lastKnownFileType = folder.assetcatalog; path = "Preview Assets.xcassets"; sourceTree = "<group>"; };
		5C64560F2ADA9089006CDBD4 /* Decoding+.swift */ = {isa = PBXFileReference; fileEncoding = 4; lastKnownFileType = sourcecode.swift; path = "Decoding+.swift"; sourceTree = "<group>"; };
		5C6456102ADA9089006CDBD4 /* URLCache+.swift */ = {isa = PBXFileReference; fileEncoding = 4; lastKnownFileType = sourcecode.swift; path = "URLCache+.swift"; sourceTree = "<group>"; };
		5C6456112ADA9089006CDBD4 /* URL+.swift */ = {isa = PBXFileReference; fileEncoding = 4; lastKnownFileType = sourcecode.swift; path = "URL+.swift"; sourceTree = "<group>"; };
		5C6456122ADA9089006CDBD4 /* URLSession+.swift */ = {isa = PBXFileReference; fileEncoding = 4; lastKnownFileType = sourcecode.swift; path = "URLSession+.swift"; sourceTree = "<group>"; };
		5C6456132ADA9089006CDBD4 /* Operator+.swift */ = {isa = PBXFileReference; fileEncoding = 4; lastKnownFileType = sourcecode.swift; path = "Operator+.swift"; sourceTree = "<group>"; };
		5C64561A2ADA90A2006CDBD4 /* FavoriteScreen.swift */ = {isa = PBXFileReference; fileEncoding = 4; lastKnownFileType = sourcecode.swift; path = FavoriteScreen.swift; sourceTree = "<group>"; };
		5C64561B2ADA90A2006CDBD4 /* HomeScreen.swift */ = {isa = PBXFileReference; fileEncoding = 4; lastKnownFileType = sourcecode.swift; path = HomeScreen.swift; sourceTree = "<group>"; };
		5C64561C2ADA90A2006CDBD4 /* CatImagesScreen.swift */ = {isa = PBXFileReference; fileEncoding = 4; lastKnownFileType = sourcecode.swift; path = CatImagesScreen.swift; sourceTree = "<group>"; };
		5C6456212ADA90AA006CDBD4 /* CatImageView.swift */ = {isa = PBXFileReference; fileEncoding = 4; lastKnownFileType = sourcecode.swift; path = CatImageView.swift; sourceTree = "<group>"; };
		5C6456222ADA90AA006CDBD4 /* CatImageViewModel.swift */ = {isa = PBXFileReference; fileEncoding = 4; lastKnownFileType = sourcecode.swift; path = CatImageViewModel.swift; sourceTree = "<group>"; };
		5C9A83942ADD0B4100F2DCAC /* CatAPIManager.swift */ = {isa = PBXFileReference; lastKnownFileType = sourcecode.swift; path = CatAPIManager.swift; sourceTree = "<group>"; };
		5C9A839A2ADD140200F2DCAC /* NetworkManagerPracticeTests.xctest */ = {isa = PBXFileReference; explicitFileType = wrapper.cfbundle; includeInIndex = 0; path = NetworkManagerPracticeTests.xctest; sourceTree = BUILT_PRODUCTS_DIR; };
		5C9A839C2ADD140200F2DCAC /* NetworkManagerPracticeTests.swift */ = {isa = PBXFileReference; lastKnownFileType = sourcecode.swift; path = NetworkManagerPracticeTests.swift; sourceTree = "<group>"; };
		5C9A83A42ADD215900F2DCAC /* CatAPIManager+Env.swift */ = {isa = PBXFileReference; lastKnownFileType = sourcecode.swift; path = "CatAPIManager+Env.swift"; sourceTree = "<group>"; };
		5CAA99D72ADE5E8200F14D94 /* MySecret.swift */ = {isa = PBXFileReference; lastKnownFileType = sourcecode.swift; path = MySecret.swift; sourceTree = "<group>"; };
		5CAA99DA2ADE607B00F14D94 /* CatAPIManager+Stub.swift */ = {isa = PBXFileReference; lastKnownFileType = sourcecode.swift; path = "CatAPIManager+Stub.swift"; sourceTree = "<group>"; };
		5CCBD6A02AEB9D0F00E507B1 /* FavoriteItem.swift */ = {isa = PBXFileReference; lastKnownFileType = sourcecode.swift; path = FavoriteItem.swift; sourceTree = "<group>"; };
		5CCBD6A22AECDD1E00E507B1 /* Task+.swift */ = {isa = PBXFileReference; lastKnownFileType = sourcecode.swift; path = "Task+.swift"; sourceTree = "<group>"; };
/* End PBXFileReference section */

/* Begin PBXFrameworksBuildPhase section */
		5C1FCD5C2ACEB0DE00FD6215 /* Frameworks */ = {
			isa = PBXFrameworksBuildPhase;
			buildActionMask = 2147483647;
			files = (
			);
			runOnlyForDeploymentPostprocessing = 0;
		};
		5C4B1B362AD5610600C573DE /* Frameworks */ = {
			isa = PBXFrameworksBuildPhase;
			buildActionMask = 2147483647;
			files = (
			);
			runOnlyForDeploymentPostprocessing = 0;
		};
		5C62900B2AD9363B00126370 /* Frameworks */ = {
			isa = PBXFrameworksBuildPhase;
			buildActionMask = 2147483647;
			files = (
			);
			runOnlyForDeploymentPostprocessing = 0;
		};
		5C6455FD2ADA9078006CDBD4 /* Frameworks */ = {
			isa = PBXFrameworksBuildPhase;
			buildActionMask = 2147483647;
			files = (
			);
			runOnlyForDeploymentPostprocessing = 0;
		};
		5C9A83972ADD140200F2DCAC /* Frameworks */ = {
			isa = PBXFrameworksBuildPhase;
			buildActionMask = 2147483647;
			files = (
			);
			runOnlyForDeploymentPostprocessing = 0;
		};
/* End PBXFrameworksBuildPhase section */

/* Begin PBXGroup section */
		5C1FCD562ACEB0DE00FD6215 = {
			isa = PBXGroup;
			children = (
				5C4B1B2C2AD4E88F00C573DE /* MyPlayground.playground */,
				5C1FCD612ACEB0DE00FD6215 /* FoodPicker */,
				5C4B1B3A2AD5610600C573DE /* FoodPickerTests */,
				5C62900F2AD9363B00126370 /* AsyncImageDemo */,
				5C6456012ADA9078006CDBD4 /* NetworkManagerPractice */,
				5C9A839B2ADD140200F2DCAC /* NetworkManagerPracticeTests */,
				5C1FCD602ACEB0DE00FD6215 /* Products */,
			);
			sourceTree = "<group>";
		};
		5C1FCD602ACEB0DE00FD6215 /* Products */ = {
			isa = PBXGroup;
			children = (
				5C1FCD5F2ACEB0DE00FD6215 /* FoodPicker.app */,
				5C4B1B392AD5610600C573DE /* FoodPickerTests.xctest */,
				5C62900E2AD9363B00126370 /* AsyncImageDemo.app */,
				5C6456002ADA9078006CDBD4 /* NetworkManagerPractice.app */,
				5C9A839A2ADD140200F2DCAC /* NetworkManagerPracticeTests.xctest */,
			);
			name = Products;
			sourceTree = "<group>";
		};
		5C1FCD612ACEB0DE00FD6215 /* FoodPicker */ = {
			isa = PBXGroup;
			children = (
				5C1FCD622ACEB0DE00FD6215 /* AppEntry.swift */,
				5C4B1B092AD4313300C573DE /* Screen */,
				5C4B1B0A2AD434B600C573DE /* Model */,
				5C4B1B0B2AD434C900C573DE /* Extension */,
				5C4B1B172AD4394700C573DE /* Constant */,
				5C4B1B122AD4362B00C573DE /* Utils */,
				5C4B1B0E2AD4355500C573DE /* Resource */,
				5C1FCD682ACEB0DF00FD6215 /* Preview Content */,
			);
			path = FoodPicker;
			sourceTree = "<group>";
		};
		5C1FCD682ACEB0DF00FD6215 /* Preview Content */ = {
			isa = PBXGroup;
			children = (
				5C1FCD692ACEB0DF00FD6215 /* Preview Assets.xcassets */,
			);
			path = "Preview Content";
			sourceTree = "<group>";
		};
		5C4B1B092AD4313300C573DE /* Screen */ = {
			isa = PBXGroup;
			children = (
				5C4B1B102AD435C800C573DE /* FoodList */,
				5C4B1B0F2AD4359800C573DE /* FoodPicker */,
				5C4B1B282AD4778700C573DE /* HomeScreen.swift */,
				5C4B1B2A2AD4872B00C573DE /* SettingScreen.swift */,
			);
			path = Screen;
			sourceTree = "<group>";
		};
		5C4B1B0A2AD434B600C573DE /* Model */ = {
			isa = PBXGroup;
			children = (
				5C54B12E2ACECF4B00DD1FC9 /* Food.swift */,
			);
			path = Model;
			sourceTree = "<group>";
		};
		5C4B1B0B2AD434C900C573DE /* Extension */ = {
			isa = PBXGroup;
			children = (
				5C4B1B1D2AD464D200C573DE /* Animation+.swift */,
				5C4B1B1F2AD4650000C573DE /* AnyLayout+.swift */,
				5C4B1B232AD4655000C573DE /* AnyTransition+.swift */,
				5C4B1B0C2AD434EB00C573DE /* PreviewDevice+.swift */,
				5C4B1B212AD4653800C573DE /* ShapeStyle+.swift */,
				5C4B1B1B2AD4646E00C573DE /* View+.swift */,
				5C4B1B312AD504FC00C573DE /* AppStorage+.swift */,
				5C4B1B332AD555D400C573DE /* Array+.swift */,
			);
			path = Extension;
			sourceTree = "<group>";
		};
		5C4B1B0E2AD4355500C573DE /* Resource */ = {
			isa = PBXGroup;
			children = (
				5C1FCD662ACEB0DF00FD6215 /* Assets.xcassets */,
			);
			path = Resource;
			sourceTree = "<group>";
		};
		5C4B1B0F2AD4359800C573DE /* FoodPicker */ = {
			isa = PBXGroup;
			children = (
				5C1FCD642ACEB0DE00FD6215 /* FoodPickerScreen.swift */,
			);
			path = FoodPicker;
			sourceTree = "<group>";
		};
		5C4B1B102AD435C800C573DE /* FoodList */ = {
			isa = PBXGroup;
			children = (
				5C4B1B112AD435E300C573DE /* View */,
				5C54B1342ACEF7CE00DD1FC9 /* FoodListScreen.swift */,
			);
			path = FoodList;
			sourceTree = "<group>";
		};
		5C4B1B112AD435E300C573DE /* View */ = {
			isa = PBXGroup;
			children = (
				5C4B1B042AD246A500C573DE /* FoodForm.swift */,
				5C4B1B132AD4370D00C573DE /* FoodDetailSheet.swift */,
				5C4B1B152AD4378500C573DE /* Sheet.swift */,
			);
			path = View;
			sourceTree = "<group>";
		};
		5C4B1B122AD4362B00C573DE /* Utils */ = {
			isa = PBXGroup;
			children = (
				5C54B1322ACEEBA600DD1FC9 /* SuffixWrapper.swift */,
				5C6290082AD6E21C00126370 /* MyUnitProtocol.swift */,
			);
			path = Utils;
			sourceTree = "<group>";
		};
		5C4B1B172AD4394700C573DE /* Constant */ = {
			isa = PBXGroup;
			children = (
				5C4B1B182AD4395B00C573DE /* SFSymbol.swift */,
				5C4B1B2D2AD5044900C573DE /* Unit.swift */,
				5C4B1B2F2AD5049300C573DE /* UserDefaultsKey.swift */,
			);
			path = Constant;
			sourceTree = "<group>";
		};
		5C4B1B3A2AD5610600C573DE /* FoodPickerTests */ = {
			isa = PBXGroup;
			children = (
				5C4B1B3B2AD5610600C573DE /* FoodPickerTests.swift */,
			);
			path = FoodPickerTests;
			sourceTree = "<group>";
		};
		5C62900F2AD9363B00126370 /* AsyncImageDemo */ = {
			isa = PBXGroup;
			children = (
				5C6290102AD9363B00126370 /* AsyncImageDemoApp.swift */,
				5C6290122AD9363B00126370 /* ContentView.swift */,
				5C6290142AD9363C00126370 /* Assets.xcassets */,
				5C6290162AD9363C00126370 /* Preview Content */,
			);
			path = AsyncImageDemo;
			sourceTree = "<group>";
		};
		5C6290162AD9363C00126370 /* Preview Content */ = {
			isa = PBXGroup;
			children = (
				5C6290172AD9363C00126370 /* Preview Assets.xcassets */,
			);
			path = "Preview Content";
			sourceTree = "<group>";
		};
		5C6456012ADA9078006CDBD4 /* NetworkManagerPractice */ = {
			isa = PBXGroup;
			children = (
				5C6456022ADA9078006CDBD4 /* AppEntry.swift */,
				5CCBD69F2AEB9CFC00E507B1 /* Model */,
				5C6456202ADA90AA006CDBD4 /* View */,
				5C6456192ADA90A2006CDBD4 /* Screen */,
				5C64560E2ADA9089006CDBD4 /* Extension */,
				5C6456062ADA907A006CDBD4 /* Assets.xcassets */,
				5C9A83A32ADD212500F2DCAC /* CatAPIManager */,
				5C6456082ADA907A006CDBD4 /* Preview Content */,
				5CAA99D72ADE5E8200F14D94 /* MySecret.swift */,
			);
			path = NetworkManagerPractice;
			sourceTree = "<group>";
		};
		5C6456082ADA907A006CDBD4 /* Preview Content */ = {
			isa = PBXGroup;
			children = (
				5C6456092ADA907A006CDBD4 /* Preview Assets.xcassets */,
			);
			path = "Preview Content";
			sourceTree = "<group>";
		};
		5C64560E2ADA9089006CDBD4 /* Extension */ = {
			isa = PBXGroup;
			children = (
				5C64560F2ADA9089006CDBD4 /* Decoding+.swift */,
				5C6456102ADA9089006CDBD4 /* URLCache+.swift */,
				5C6456112ADA9089006CDBD4 /* URL+.swift */,
				5C6456122ADA9089006CDBD4 /* URLSession+.swift */,
				5C6456132ADA9089006CDBD4 /* Operator+.swift */,
				5CCBD6A22AECDD1E00E507B1 /* Task+.swift */,
				5C0016DC2AEE4B9700CAE12C /* View+MyFriendlyErrorMessage.swift */,
			);
			path = Extension;
			sourceTree = "<group>";
		};
		5C6456192ADA90A2006CDBD4 /* Screen */ = {
			isa = PBXGroup;
			children = (
				5C64561B2ADA90A2006CDBD4 /* HomeScreen.swift */,
				5C64561C2ADA90A2006CDBD4 /* CatImagesScreen.swift */,
				5C64561A2ADA90A2006CDBD4 /* FavoriteScreen.swift */,
			);
			path = Screen;
			sourceTree = "<group>";
		};
		5C6456202ADA90AA006CDBD4 /* View */ = {
			isa = PBXGroup;
			children = (
				5C6456212ADA90AA006CDBD4 /* CatImageView.swift */,
				5C6456222ADA90AA006CDBD4 /* CatImageViewModel.swift */,
			);
			path = View;
			sourceTree = "<group>";
		};
		5C9A839B2ADD140200F2DCAC /* NetworkManagerPracticeTests */ = {
			isa = PBXGroup;
			children = (
				5C9A839C2ADD140200F2DCAC /* NetworkManagerPracticeTests.swift */,
			);
			path = NetworkManagerPracticeTests;
			sourceTree = "<group>";
		};
		5C9A83A32ADD212500F2DCAC /* CatAPIManager */ = {
			isa = PBXGroup;
			children = (
				5C9A83942ADD0B4100F2DCAC /* CatAPIManager.swift */,
				5C9A83A42ADD215900F2DCAC /* CatAPIManager+Env.swift */,
				5CAA99DA2ADE607B00F14D94 /* CatAPIManager+Stub.swift */,
			);
			path = CatAPIManager;
			sourceTree = "<group>";
		};
		5CCBD69F2AEB9CFC00E507B1 /* Model */ = {
			isa = PBXGroup;
			children = (
				5CCBD6A02AEB9D0F00E507B1 /* FavoriteItem.swift */,
			);
			path = Model;
			sourceTree = "<group>";
		};
/* End PBXGroup section */

/* Begin PBXNativeTarget section */
		5C1FCD5E2ACEB0DE00FD6215 /* FoodPicker */ = {
			isa = PBXNativeTarget;
			buildConfigurationList = 5C1FCD6D2ACEB0DF00FD6215 /* Build configuration list for PBXNativeTarget "FoodPicker" */;
			buildPhases = (
				5C1FCD5B2ACEB0DE00FD6215 /* Sources */,
				5C1FCD5C2ACEB0DE00FD6215 /* Frameworks */,
				5C1FCD5D2ACEB0DE00FD6215 /* Resources */,
			);
			buildRules = (
			);
			dependencies = (
			);
			name = FoodPicker;
			productName = FoodPicker;
			productReference = 5C1FCD5F2ACEB0DE00FD6215 /* FoodPicker.app */;
			productType = "com.apple.product-type.application";
		};
		5C4B1B382AD5610600C573DE /* FoodPickerTests */ = {
			isa = PBXNativeTarget;
			buildConfigurationList = 5C4B1B3F2AD5610600C573DE /* Build configuration list for PBXNativeTarget "FoodPickerTests" */;
			buildPhases = (
				5C4B1B352AD5610600C573DE /* Sources */,
				5C4B1B362AD5610600C573DE /* Frameworks */,
				5C4B1B372AD5610600C573DE /* Resources */,
			);
			buildRules = (
			);
			dependencies = (
				5C4B1B3E2AD5610600C573DE /* PBXTargetDependency */,
			);
			name = FoodPickerTests;
			productName = FoodPickerTests;
			productReference = 5C4B1B392AD5610600C573DE /* FoodPickerTests.xctest */;
			productType = "com.apple.product-type.bundle.unit-test";
		};
		5C62900D2AD9363B00126370 /* AsyncImageDemo */ = {
			isa = PBXNativeTarget;
			buildConfigurationList = 5C62901B2AD9363C00126370 /* Build configuration list for PBXNativeTarget "AsyncImageDemo" */;
			buildPhases = (
				5C62900A2AD9363B00126370 /* Sources */,
				5C62900B2AD9363B00126370 /* Frameworks */,
				5C62900C2AD9363B00126370 /* Resources */,
			);
			buildRules = (
			);
			dependencies = (
			);
			name = AsyncImageDemo;
			productName = AsyncImageDemo;
			productReference = 5C62900E2AD9363B00126370 /* AsyncImageDemo.app */;
			productType = "com.apple.product-type.application";
		};
		5C6455FF2ADA9078006CDBD4 /* NetworkManagerPractice */ = {
			isa = PBXNativeTarget;
			buildConfigurationList = 5C64560D2ADA907A006CDBD4 /* Build configuration list for PBXNativeTarget "NetworkManagerPractice" */;
			buildPhases = (
				5C6455FC2ADA9078006CDBD4 /* Sources */,
				5C6455FD2ADA9078006CDBD4 /* Frameworks */,
				5C6455FE2ADA9078006CDBD4 /* Resources */,
			);
			buildRules = (
			);
			dependencies = (
			);
			name = NetworkManagerPractice;
			productName = NetworkManagerPractice;
			productReference = 5C6456002ADA9078006CDBD4 /* NetworkManagerPractice.app */;
			productType = "com.apple.product-type.application";
		};
		5C9A83992ADD140200F2DCAC /* NetworkManagerPracticeTests */ = {
			isa = PBXNativeTarget;
			buildConfigurationList = 5C9A83A02ADD140200F2DCAC /* Build configuration list for PBXNativeTarget "NetworkManagerPracticeTests" */;
			buildPhases = (
				5C9A83962ADD140200F2DCAC /* Sources */,
				5C9A83972ADD140200F2DCAC /* Frameworks */,
				5C9A83982ADD140200F2DCAC /* Resources */,
			);
			buildRules = (
			);
			dependencies = (
				5C9A839F2ADD140200F2DCAC /* PBXTargetDependency */,
			);
			name = NetworkManagerPracticeTests;
			productName = NetworkManagerPracticeTests;
			productReference = 5C9A839A2ADD140200F2DCAC /* NetworkManagerPracticeTests.xctest */;
			productType = "com.apple.product-type.bundle.unit-test";
		};
/* End PBXNativeTarget section */

/* Begin PBXProject section */
		5C1FCD572ACEB0DE00FD6215 /* Project object */ = {
			isa = PBXProject;
			attributes = {
				BuildIndependentTargetsInParallel = 1;
				LastSwiftUpdateCheck = 1500;
				LastUpgradeCheck = 1500;
				TargetAttributes = {
					5C1FCD5E2ACEB0DE00FD6215 = {
						CreatedOnToolsVersion = 15.0;
					};
					5C4B1B382AD5610600C573DE = {
						CreatedOnToolsVersion = 15.0;
						TestTargetID = 5C1FCD5E2ACEB0DE00FD6215;
					};
					5C62900D2AD9363B00126370 = {
						CreatedOnToolsVersion = 15.0;
					};
					5C6455FF2ADA9078006CDBD4 = {
						CreatedOnToolsVersion = 15.0;
					};
					5C9A83992ADD140200F2DCAC = {
						CreatedOnToolsVersion = 15.0;
						TestTargetID = 5C6455FF2ADA9078006CDBD4;
					};
				};
			};
			buildConfigurationList = 5C1FCD5A2ACEB0DE00FD6215 /* Build configuration list for PBXProject "FoodPicker" */;
			compatibilityVersion = "Xcode 14.0";
			developmentRegion = en;
			hasScannedForEncodings = 0;
			knownRegions = (
				en,
				Base,
			);
			mainGroup = 5C1FCD562ACEB0DE00FD6215;
			productRefGroup = 5C1FCD602ACEB0DE00FD6215 /* Products */;
			projectDirPath = "";
			projectRoot = "";
			targets = (
				5C1FCD5E2ACEB0DE00FD6215 /* FoodPicker */,
				5C4B1B382AD5610600C573DE /* FoodPickerTests */,
				5C62900D2AD9363B00126370 /* AsyncImageDemo */,
				5C6455FF2ADA9078006CDBD4 /* NetworkManagerPractice */,
				5C9A83992ADD140200F2DCAC /* NetworkManagerPracticeTests */,
			);
		};
/* End PBXProject section */

/* Begin PBXResourcesBuildPhase section */
		5C1FCD5D2ACEB0DE00FD6215 /* Resources */ = {
			isa = PBXResourcesBuildPhase;
			buildActionMask = 2147483647;
			files = (
				5C1FCD6A2ACEB0DF00FD6215 /* Preview Assets.xcassets in Resources */,
				5C1FCD672ACEB0DF00FD6215 /* Assets.xcassets in Resources */,
			);
			runOnlyForDeploymentPostprocessing = 0;
		};
		5C4B1B372AD5610600C573DE /* Resources */ = {
			isa = PBXResourcesBuildPhase;
			buildActionMask = 2147483647;
			files = (
			);
			runOnlyForDeploymentPostprocessing = 0;
		};
		5C62900C2AD9363B00126370 /* Resources */ = {
			isa = PBXResourcesBuildPhase;
			buildActionMask = 2147483647;
			files = (
				5C6290182AD9363C00126370 /* Preview Assets.xcassets in Resources */,
				5C6290152AD9363C00126370 /* Assets.xcassets in Resources */,
			);
			runOnlyForDeploymentPostprocessing = 0;
		};
		5C6455FE2ADA9078006CDBD4 /* Resources */ = {
			isa = PBXResourcesBuildPhase;
			buildActionMask = 2147483647;
			files = (
				5C64560A2ADA907A006CDBD4 /* Preview Assets.xcassets in Resources */,
				5C6456072ADA907A006CDBD4 /* Assets.xcassets in Resources */,
			);
			runOnlyForDeploymentPostprocessing = 0;
		};
		5C9A83982ADD140200F2DCAC /* Resources */ = {
			isa = PBXResourcesBuildPhase;
			buildActionMask = 2147483647;
			files = (
			);
			runOnlyForDeploymentPostprocessing = 0;
		};
/* End PBXResourcesBuildPhase section */

/* Begin PBXSourcesBuildPhase section */
		5C1FCD5B2ACEB0DE00FD6215 /* Sources */ = {
			isa = PBXSourcesBuildPhase;
			buildActionMask = 2147483647;
			files = (
				5C4B1B2B2AD4872B00C573DE /* SettingScreen.swift in Sources */,
				5C54B1352ACEF7CE00DD1FC9 /* FoodListScreen.swift in Sources */,
				5C4B1B242AD4655000C573DE /* AnyTransition+.swift in Sources */,
				5C4B1B2E2AD5044900C573DE /* Unit.swift in Sources */,
				5C4B1B142AD4370D00C573DE /* FoodDetailSheet.swift in Sources */,
				5C4B1B052AD246A500C573DE /* FoodForm.swift in Sources */,
				5C4B1B292AD4778700C573DE /* HomeScreen.swift in Sources */,
				5C4B1B302AD5049300C573DE /* UserDefaultsKey.swift in Sources */,
				5C1FCD652ACEB0DE00FD6215 /* FoodPickerScreen.swift in Sources */,
				5C4B1B322AD504FC00C573DE /* AppStorage+.swift in Sources */,
				5C4B1B1C2AD4646E00C573DE /* View+.swift in Sources */,
				5C1FCD632ACEB0DE00FD6215 /* AppEntry.swift in Sources */,
				5C4B1B162AD4378500C573DE /* Sheet.swift in Sources */,
				5C6290092AD6E21C00126370 /* MyUnitProtocol.swift in Sources */,
				5C4B1B342AD555D400C573DE /* Array+.swift in Sources */,
				5C4B1B0D2AD434EB00C573DE /* PreviewDevice+.swift in Sources */,
				5C54B12F2ACECF4B00DD1FC9 /* Food.swift in Sources */,
				5C54B1332ACEEBA600DD1FC9 /* SuffixWrapper.swift in Sources */,
				5C4B1B222AD4653800C573DE /* ShapeStyle+.swift in Sources */,
				5C4B1B192AD4395B00C573DE /* SFSymbol.swift in Sources */,
				5C4B1B202AD4650000C573DE /* AnyLayout+.swift in Sources */,
				5C4B1B1E2AD464D200C573DE /* Animation+.swift in Sources */,
			);
			runOnlyForDeploymentPostprocessing = 0;
		};
		5C4B1B352AD5610600C573DE /* Sources */ = {
			isa = PBXSourcesBuildPhase;
			buildActionMask = 2147483647;
			files = (
				5C4B1B3C2AD5610600C573DE /* FoodPickerTests.swift in Sources */,
			);
			runOnlyForDeploymentPostprocessing = 0;
		};
		5C62900A2AD9363B00126370 /* Sources */ = {
			isa = PBXSourcesBuildPhase;
			buildActionMask = 2147483647;
			files = (
				5C6290132AD9363B00126370 /* ContentView.swift in Sources */,
				5C6290112AD9363B00126370 /* AsyncImageDemoApp.swift in Sources */,
			);
			runOnlyForDeploymentPostprocessing = 0;
		};
		5C6455FC2ADA9078006CDBD4 /* Sources */ = {
			isa = PBXSourcesBuildPhase;
			buildActionMask = 2147483647;
			files = (
				5C0016DD2AEE4B9700CAE12C /* View+MyFriendlyErrorMessage.swift in Sources */,
				5C6456162ADA9089006CDBD4 /* URL+.swift in Sources */,
				5C6456152ADA9089006CDBD4 /* URLCache+.swift in Sources */,
				5C6456182ADA9089006CDBD4 /* Operator+.swift in Sources */,
				5C9A83952ADD0B4100F2DCAC /* CatAPIManager.swift in Sources */,
				5C9A83A52ADD215900F2DCAC /* CatAPIManager+Env.swift in Sources */,
				5C6456232ADA90AA006CDBD4 /* CatImageView.swift in Sources */,
				5CCBD6A32AECDD1E00E507B1 /* Task+.swift in Sources */,
				5C6456172ADA9089006CDBD4 /* URLSession+.swift in Sources */,
				5C6456242ADA90AA006CDBD4 /* CatImageViewModel.swift in Sources */,
				5CAA99DB2ADE607B00F14D94 /* CatAPIManager+Stub.swift in Sources */,
				5C64561E2ADA90A2006CDBD4 /* HomeScreen.swift in Sources */,
				5C6456032ADA9078006CDBD4 /* AppEntry.swift in Sources */,
				5C6456142ADA9089006CDBD4 /* Decoding+.swift in Sources */,
				5CCBD6A12AEB9D0F00E507B1 /* FavoriteItem.swift in Sources */,
				5CAA99D82ADE5E8200F14D94 /* MySecret.swift in Sources */,
				5C64561F2ADA90A2006CDBD4 /* CatImagesScreen.swift in Sources */,
				5C64561D2ADA90A2006CDBD4 /* FavoriteScreen.swift in Sources */,
			);
			runOnlyForDeploymentPostprocessing = 0;
		};
		5C9A83962ADD140200F2DCAC /* Sources */ = {
			isa = PBXSourcesBuildPhase;
			buildActionMask = 2147483647;
			files = (
				5C9A839D2ADD140200F2DCAC /* NetworkManagerPracticeTests.swift in Sources */,
			);
			runOnlyForDeploymentPostprocessing = 0;
		};
/* End PBXSourcesBuildPhase section */

/* Begin PBXTargetDependency section */
		5C4B1B3E2AD5610600C573DE /* PBXTargetDependency */ = {
			isa = PBXTargetDependency;
			target = 5C1FCD5E2ACEB0DE00FD6215 /* FoodPicker */;
			targetProxy = 5C4B1B3D2AD5610600C573DE /* PBXContainerItemProxy */;
		};
		5C9A839F2ADD140200F2DCAC /* PBXTargetDependency */ = {
			isa = PBXTargetDependency;
			target = 5C6455FF2ADA9078006CDBD4 /* NetworkManagerPractice */;
			targetProxy = 5C9A839E2ADD140200F2DCAC /* PBXContainerItemProxy */;
		};
/* End PBXTargetDependency section */

/* Begin XCBuildConfiguration section */
		5C1FCD6B2ACEB0DF00FD6215 /* Debug */ = {
			isa = XCBuildConfiguration;
			buildSettings = {
				ALWAYS_SEARCH_USER_PATHS = NO;
				ASSETCATALOG_COMPILER_GENERATE_SWIFT_ASSET_SYMBOL_EXTENSIONS = YES;
				CLANG_ANALYZER_NONNULL = YES;
				CLANG_ANALYZER_NUMBER_OBJECT_CONVERSION = YES_AGGRESSIVE;
				CLANG_CXX_LANGUAGE_STANDARD = "gnu++20";
				CLANG_ENABLE_MODULES = YES;
				CLANG_ENABLE_OBJC_ARC = YES;
				CLANG_ENABLE_OBJC_WEAK = YES;
				CLANG_WARN_BLOCK_CAPTURE_AUTORELEASING = YES;
				CLANG_WARN_BOOL_CONVERSION = YES;
				CLANG_WARN_COMMA = YES;
				CLANG_WARN_CONSTANT_CONVERSION = YES;
				CLANG_WARN_DEPRECATED_OBJC_IMPLEMENTATIONS = YES;
				CLANG_WARN_DIRECT_OBJC_ISA_USAGE = YES_ERROR;
				CLANG_WARN_DOCUMENTATION_COMMENTS = YES;
				CLANG_WARN_EMPTY_BODY = YES;
				CLANG_WARN_ENUM_CONVERSION = YES;
				CLANG_WARN_INFINITE_RECURSION = YES;
				CLANG_WARN_INT_CONVERSION = YES;
				CLANG_WARN_NON_LITERAL_NULL_CONVERSION = YES;
				CLANG_WARN_OBJC_IMPLICIT_RETAIN_SELF = YES;
				CLANG_WARN_OBJC_LITERAL_CONVERSION = YES;
				CLANG_WARN_OBJC_ROOT_CLASS = YES_ERROR;
				CLANG_WARN_QUOTED_INCLUDE_IN_FRAMEWORK_HEADER = YES;
				CLANG_WARN_RANGE_LOOP_ANALYSIS = YES;
				CLANG_WARN_STRICT_PROTOTYPES = YES;
				CLANG_WARN_SUSPICIOUS_MOVE = YES;
				CLANG_WARN_UNGUARDED_AVAILABILITY = YES_AGGRESSIVE;
				CLANG_WARN_UNREACHABLE_CODE = YES;
				CLANG_WARN__DUPLICATE_METHOD_MATCH = YES;
				COPY_PHASE_STRIP = NO;
				DEBUG_INFORMATION_FORMAT = dwarf;
				ENABLE_STRICT_OBJC_MSGSEND = YES;
				ENABLE_TESTABILITY = YES;
				ENABLE_USER_SCRIPT_SANDBOXING = YES;
				GCC_C_LANGUAGE_STANDARD = gnu17;
				GCC_DYNAMIC_NO_PIC = NO;
				GCC_NO_COMMON_BLOCKS = YES;
				GCC_OPTIMIZATION_LEVEL = 0;
				GCC_PREPROCESSOR_DEFINITIONS = (
					"DEBUG=1",
					"$(inherited)",
				);
				GCC_WARN_64_TO_32_BIT_CONVERSION = YES;
				GCC_WARN_ABOUT_RETURN_TYPE = YES_ERROR;
				GCC_WARN_UNDECLARED_SELECTOR = YES;
				GCC_WARN_UNINITIALIZED_AUTOS = YES_AGGRESSIVE;
				GCC_WARN_UNUSED_FUNCTION = YES;
				GCC_WARN_UNUSED_VARIABLE = YES;
				IPHONEOS_DEPLOYMENT_TARGET = 16.0;
				LOCALIZATION_PREFERS_STRING_CATALOGS = YES;
				MTL_ENABLE_DEBUG_INFO = INCLUDE_SOURCE;
				MTL_FAST_MATH = YES;
				ONLY_ACTIVE_ARCH = YES;
				SDKROOT = iphoneos;
				SWIFT_ACTIVE_COMPILATION_CONDITIONS = "DEBUG $(inherited)";
				SWIFT_OPTIMIZATION_LEVEL = "-Onone";
			};
			name = Debug;
		};
		5C1FCD6C2ACEB0DF00FD6215 /* Release */ = {
			isa = XCBuildConfiguration;
			buildSettings = {
				ALWAYS_SEARCH_USER_PATHS = NO;
				ASSETCATALOG_COMPILER_GENERATE_SWIFT_ASSET_SYMBOL_EXTENSIONS = YES;
				CLANG_ANALYZER_NONNULL = YES;
				CLANG_ANALYZER_NUMBER_OBJECT_CONVERSION = YES_AGGRESSIVE;
				CLANG_CXX_LANGUAGE_STANDARD = "gnu++20";
				CLANG_ENABLE_MODULES = YES;
				CLANG_ENABLE_OBJC_ARC = YES;
				CLANG_ENABLE_OBJC_WEAK = YES;
				CLANG_WARN_BLOCK_CAPTURE_AUTORELEASING = YES;
				CLANG_WARN_BOOL_CONVERSION = YES;
				CLANG_WARN_COMMA = YES;
				CLANG_WARN_CONSTANT_CONVERSION = YES;
				CLANG_WARN_DEPRECATED_OBJC_IMPLEMENTATIONS = YES;
				CLANG_WARN_DIRECT_OBJC_ISA_USAGE = YES_ERROR;
				CLANG_WARN_DOCUMENTATION_COMMENTS = YES;
				CLANG_WARN_EMPTY_BODY = YES;
				CLANG_WARN_ENUM_CONVERSION = YES;
				CLANG_WARN_INFINITE_RECURSION = YES;
				CLANG_WARN_INT_CONVERSION = YES;
				CLANG_WARN_NON_LITERAL_NULL_CONVERSION = YES;
				CLANG_WARN_OBJC_IMPLICIT_RETAIN_SELF = YES;
				CLANG_WARN_OBJC_LITERAL_CONVERSION = YES;
				CLANG_WARN_OBJC_ROOT_CLASS = YES_ERROR;
				CLANG_WARN_QUOTED_INCLUDE_IN_FRAMEWORK_HEADER = YES;
				CLANG_WARN_RANGE_LOOP_ANALYSIS = YES;
				CLANG_WARN_STRICT_PROTOTYPES = YES;
				CLANG_WARN_SUSPICIOUS_MOVE = YES;
				CLANG_WARN_UNGUARDED_AVAILABILITY = YES_AGGRESSIVE;
				CLANG_WARN_UNREACHABLE_CODE = YES;
				CLANG_WARN__DUPLICATE_METHOD_MATCH = YES;
				COPY_PHASE_STRIP = NO;
				DEBUG_INFORMATION_FORMAT = "dwarf-with-dsym";
				ENABLE_NS_ASSERTIONS = NO;
				ENABLE_STRICT_OBJC_MSGSEND = YES;
				ENABLE_USER_SCRIPT_SANDBOXING = YES;
				GCC_C_LANGUAGE_STANDARD = gnu17;
				GCC_NO_COMMON_BLOCKS = YES;
				GCC_WARN_64_TO_32_BIT_CONVERSION = YES;
				GCC_WARN_ABOUT_RETURN_TYPE = YES_ERROR;
				GCC_WARN_UNDECLARED_SELECTOR = YES;
				GCC_WARN_UNINITIALIZED_AUTOS = YES_AGGRESSIVE;
				GCC_WARN_UNUSED_FUNCTION = YES;
				GCC_WARN_UNUSED_VARIABLE = YES;
				IPHONEOS_DEPLOYMENT_TARGET = 16.0;
				LOCALIZATION_PREFERS_STRING_CATALOGS = YES;
				MTL_ENABLE_DEBUG_INFO = NO;
				MTL_FAST_MATH = YES;
				SDKROOT = iphoneos;
				SWIFT_COMPILATION_MODE = wholemodule;
				VALIDATE_PRODUCT = YES;
			};
			name = Release;
		};
		5C1FCD6E2ACEB0DF00FD6215 /* Debug */ = {
			isa = XCBuildConfiguration;
			buildSettings = {
				ASSETCATALOG_COMPILER_APPICON_NAME = AppIcon;
				ASSETCATALOG_COMPILER_GLOBAL_ACCENT_COLOR_NAME = AccentColor;
				CODE_SIGN_STYLE = Automatic;
				CURRENT_PROJECT_VERSION = 1;
				DEVELOPMENT_ASSET_PATHS = "\"FoodPicker/Preview Content\"";
				DEVELOPMENT_TEAM = 95VT929YHJ;
				ENABLE_PREVIEWS = YES;
				GENERATE_INFOPLIST_FILE = YES;
				INFOPLIST_KEY_UIApplicationSceneManifest_Generation = YES;
				INFOPLIST_KEY_UIApplicationSupportsIndirectInputEvents = YES;
				INFOPLIST_KEY_UILaunchScreen_Generation = YES;
				INFOPLIST_KEY_UISupportedInterfaceOrientations = UIInterfaceOrientationPortrait;
				INFOPLIST_KEY_UISupportedInterfaceOrientations_iPad = "UIInterfaceOrientationLandscapeLeft UIInterfaceOrientationLandscapeRight UIInterfaceOrientationPortrait UIInterfaceOrientationPortraitUpsideDown";
				IPHONEOS_DEPLOYMENT_TARGET = 16.0;
				LD_RUNPATH_SEARCH_PATHS = (
					"$(inherited)",
					"@executable_path/Frameworks",
				);
				MARKETING_VERSION = 1.0;
				PRODUCT_BUNDLE_IDENTIFIER = com.atcumt.FoodPicker;
				PRODUCT_NAME = "$(TARGET_NAME)";
				SWIFT_EMIT_LOC_STRINGS = YES;
				SWIFT_VERSION = 5.0;
				TARGETED_DEVICE_FAMILY = "1,2";
			};
			name = Debug;
		};
		5C1FCD6F2ACEB0DF00FD6215 /* Release */ = {
			isa = XCBuildConfiguration;
			buildSettings = {
				ASSETCATALOG_COMPILER_APPICON_NAME = AppIcon;
				ASSETCATALOG_COMPILER_GLOBAL_ACCENT_COLOR_NAME = AccentColor;
				CODE_SIGN_STYLE = Automatic;
				CURRENT_PROJECT_VERSION = 1;
				DEVELOPMENT_ASSET_PATHS = "\"FoodPicker/Preview Content\"";
				DEVELOPMENT_TEAM = 95VT929YHJ;
				ENABLE_PREVIEWS = YES;
				GENERATE_INFOPLIST_FILE = YES;
				INFOPLIST_KEY_UIApplicationSceneManifest_Generation = YES;
				INFOPLIST_KEY_UIApplicationSupportsIndirectInputEvents = YES;
				INFOPLIST_KEY_UILaunchScreen_Generation = YES;
				INFOPLIST_KEY_UISupportedInterfaceOrientations = UIInterfaceOrientationPortrait;
				INFOPLIST_KEY_UISupportedInterfaceOrientations_iPad = "UIInterfaceOrientationLandscapeLeft UIInterfaceOrientationLandscapeRight UIInterfaceOrientationPortrait UIInterfaceOrientationPortraitUpsideDown";
				IPHONEOS_DEPLOYMENT_TARGET = 16.0;
				LD_RUNPATH_SEARCH_PATHS = (
					"$(inherited)",
					"@executable_path/Frameworks",
				);
				MARKETING_VERSION = 1.0;
				PRODUCT_BUNDLE_IDENTIFIER = com.atcumt.FoodPicker;
				PRODUCT_NAME = "$(TARGET_NAME)";
				SWIFT_EMIT_LOC_STRINGS = YES;
				SWIFT_VERSION = 5.0;
				TARGETED_DEVICE_FAMILY = "1,2";
			};
			name = Release;
		};
		5C4B1B402AD5610600C573DE /* Debug */ = {
			isa = XCBuildConfiguration;
			buildSettings = {
				BUNDLE_LOADER = "$(TEST_HOST)";
				CODE_SIGN_STYLE = Automatic;
				CURRENT_PROJECT_VERSION = 1;
				DEVELOPMENT_TEAM = 95VT929YHJ;
				GENERATE_INFOPLIST_FILE = YES;
				IPHONEOS_DEPLOYMENT_TARGET = 17.0;
				MACOSX_DEPLOYMENT_TARGET = 14.0;
				MARKETING_VERSION = 1.0;
				PRODUCT_BUNDLE_IDENTIFIER = com.atcumt.FoodPickerTests;
				PRODUCT_NAME = "$(TARGET_NAME)";
				SDKROOT = auto;
				SUPPORTED_PLATFORMS = "iphoneos iphonesimulator macosx";
				SWIFT_EMIT_LOC_STRINGS = NO;
				SWIFT_VERSION = 5.0;
				TARGETED_DEVICE_FAMILY = "1,2";
				TEST_HOST = "$(BUILT_PRODUCTS_DIR)/FoodPicker.app/$(BUNDLE_EXECUTABLE_FOLDER_PATH)/FoodPicker";
			};
			name = Debug;
		};
		5C4B1B412AD5610600C573DE /* Release */ = {
			isa = XCBuildConfiguration;
			buildSettings = {
				BUNDLE_LOADER = "$(TEST_HOST)";
				CODE_SIGN_STYLE = Automatic;
				CURRENT_PROJECT_VERSION = 1;
				DEVELOPMENT_TEAM = 95VT929YHJ;
				GENERATE_INFOPLIST_FILE = YES;
				IPHONEOS_DEPLOYMENT_TARGET = 17.0;
				MACOSX_DEPLOYMENT_TARGET = 14.0;
				MARKETING_VERSION = 1.0;
				PRODUCT_BUNDLE_IDENTIFIER = com.atcumt.FoodPickerTests;
				PRODUCT_NAME = "$(TARGET_NAME)";
				SDKROOT = auto;
				SUPPORTED_PLATFORMS = "iphoneos iphonesimulator macosx";
				SWIFT_EMIT_LOC_STRINGS = NO;
				SWIFT_VERSION = 5.0;
				TARGETED_DEVICE_FAMILY = "1,2";
				TEST_HOST = "$(BUILT_PRODUCTS_DIR)/FoodPicker.app/$(BUNDLE_EXECUTABLE_FOLDER_PATH)/FoodPicker";
			};
			name = Release;
		};
		5C6290192AD9363C00126370 /* Debug */ = {
			isa = XCBuildConfiguration;
			buildSettings = {
				ASSETCATALOG_COMPILER_APPICON_NAME = AppIcon;
				ASSETCATALOG_COMPILER_GLOBAL_ACCENT_COLOR_NAME = AccentColor;
				CODE_SIGN_STYLE = Automatic;
				CURRENT_PROJECT_VERSION = 1;
				DEVELOPMENT_ASSET_PATHS = "\"AsyncImageDemo/Preview Content\"";
				DEVELOPMENT_TEAM = 95VT929YHJ;
				ENABLE_PREVIEWS = YES;
				GENERATE_INFOPLIST_FILE = YES;
				INFOPLIST_KEY_UIApplicationSceneManifest_Generation = YES;
				INFOPLIST_KEY_UIApplicationSupportsIndirectInputEvents = YES;
				INFOPLIST_KEY_UILaunchScreen_Generation = YES;
				INFOPLIST_KEY_UISupportedInterfaceOrientations_iPad = "UIInterfaceOrientationPortrait UIInterfaceOrientationPortraitUpsideDown UIInterfaceOrientationLandscapeLeft UIInterfaceOrientationLandscapeRight";
				INFOPLIST_KEY_UISupportedInterfaceOrientations_iPhone = "UIInterfaceOrientationPortrait UIInterfaceOrientationLandscapeLeft UIInterfaceOrientationLandscapeRight";
				IPHONEOS_DEPLOYMENT_TARGET = 17.0;
				LD_RUNPATH_SEARCH_PATHS = (
					"$(inherited)",
					"@executable_path/Frameworks",
				);
				MARKETING_VERSION = 1.0;
				PRODUCT_BUNDLE_IDENTIFIER = com.atcumt.AsyncImageDemo;
				PRODUCT_NAME = "$(TARGET_NAME)";
				SWIFT_EMIT_LOC_STRINGS = YES;
				SWIFT_VERSION = 5.0;
				TARGETED_DEVICE_FAMILY = "1,2";
			};
			name = Debug;
		};
		5C62901A2AD9363C00126370 /* Release */ = {
			isa = XCBuildConfiguration;
			buildSettings = {
				ASSETCATALOG_COMPILER_APPICON_NAME = AppIcon;
				ASSETCATALOG_COMPILER_GLOBAL_ACCENT_COLOR_NAME = AccentColor;
				CODE_SIGN_STYLE = Automatic;
				CURRENT_PROJECT_VERSION = 1;
				DEVELOPMENT_ASSET_PATHS = "\"AsyncImageDemo/Preview Content\"";
				DEVELOPMENT_TEAM = 95VT929YHJ;
				ENABLE_PREVIEWS = YES;
				GENERATE_INFOPLIST_FILE = YES;
				INFOPLIST_KEY_UIApplicationSceneManifest_Generation = YES;
				INFOPLIST_KEY_UIApplicationSupportsIndirectInputEvents = YES;
				INFOPLIST_KEY_UILaunchScreen_Generation = YES;
				INFOPLIST_KEY_UISupportedInterfaceOrientations_iPad = "UIInterfaceOrientationPortrait UIInterfaceOrientationPortraitUpsideDown UIInterfaceOrientationLandscapeLeft UIInterfaceOrientationLandscapeRight";
				INFOPLIST_KEY_UISupportedInterfaceOrientations_iPhone = "UIInterfaceOrientationPortrait UIInterfaceOrientationLandscapeLeft UIInterfaceOrientationLandscapeRight";
				IPHONEOS_DEPLOYMENT_TARGET = 17.0;
				LD_RUNPATH_SEARCH_PATHS = (
					"$(inherited)",
					"@executable_path/Frameworks",
				);
				MARKETING_VERSION = 1.0;
				PRODUCT_BUNDLE_IDENTIFIER = com.atcumt.AsyncImageDemo;
				PRODUCT_NAME = "$(TARGET_NAME)";
				SWIFT_EMIT_LOC_STRINGS = YES;
				SWIFT_VERSION = 5.0;
				TARGETED_DEVICE_FAMILY = "1,2";
			};
			name = Release;
		};
		5C64560B2ADA907A006CDBD4 /* Debug */ = {
			isa = XCBuildConfiguration;
			buildSettings = {
				ASSETCATALOG_COMPILER_APPICON_NAME = AppIcon;
				ASSETCATALOG_COMPILER_GLOBAL_ACCENT_COLOR_NAME = AccentColor;
				CODE_SIGN_STYLE = Automatic;
				CURRENT_PROJECT_VERSION = 1;
				DEVELOPMENT_ASSET_PATHS = "\"NetworkManagerPractice/Preview Content\"";
				DEVELOPMENT_TEAM = 95VT929YHJ;
				ENABLE_PREVIEWS = YES;
				GENERATE_INFOPLIST_FILE = YES;
				INFOPLIST_KEY_UIApplicationSceneManifest_Generation = YES;
				INFOPLIST_KEY_UIApplicationSupportsIndirectInputEvents = YES;
				INFOPLIST_KEY_UILaunchScreen_Generation = YES;
				INFOPLIST_KEY_UISupportedInterfaceOrientations_iPad = "UIInterfaceOrientationPortrait UIInterfaceOrientationPortraitUpsideDown UIInterfaceOrientationLandscapeLeft UIInterfaceOrientationLandscapeRight";
				INFOPLIST_KEY_UISupportedInterfaceOrientations_iPhone = "UIInterfaceOrientationPortrait UIInterfaceOrientationLandscapeLeft UIInterfaceOrientationLandscapeRight";
				IPHONEOS_DEPLOYMENT_TARGET = 17.0;
				LD_RUNPATH_SEARCH_PATHS = (
					"$(inherited)",
					"@executable_path/Frameworks",
				);
				MARKETING_VERSION = 1.0;
				PRODUCT_BUNDLE_IDENTIFIER = com.atcumt.NetworkManagerPractice;
				PRODUCT_NAME = "$(TARGET_NAME)";
				SWIFT_EMIT_LOC_STRINGS = YES;
				SWIFT_VERSION = 5.0;
				TARGETED_DEVICE_FAMILY = "1,2";
			};
			name = Debug;
		};
		5C64560C2ADA907A006CDBD4 /* Release */ = {
			isa = XCBuildConfiguration;
			buildSettings = {
				ASSETCATALOG_COMPILER_APPICON_NAME = AppIcon;
				ASSETCATALOG_COMPILER_GLOBAL_ACCENT_COLOR_NAME = AccentColor;
				CODE_SIGN_STYLE = Automatic;
				CURRENT_PROJECT_VERSION = 1;
				DEVELOPMENT_ASSET_PATHS = "\"NetworkManagerPractice/Preview Content\"";
				DEVELOPMENT_TEAM = 95VT929YHJ;
				ENABLE_PREVIEWS = YES;
				GENERATE_INFOPLIST_FILE = YES;
				INFOPLIST_KEY_UIApplicationSceneManifest_Generation = YES;
				INFOPLIST_KEY_UIApplicationSupportsIndirectInputEvents = YES;
				INFOPLIST_KEY_UILaunchScreen_Generation = YES;
				INFOPLIST_KEY_UISupportedInterfaceOrientations_iPad = "UIInterfaceOrientationPortrait UIInterfaceOrientationPortraitUpsideDown UIInterfaceOrientationLandscapeLeft UIInterfaceOrientationLandscapeRight";
				INFOPLIST_KEY_UISupportedInterfaceOrientations_iPhone = "UIInterfaceOrientationPortrait UIInterfaceOrientationLandscapeLeft UIInterfaceOrientationLandscapeRight";
				IPHONEOS_DEPLOYMENT_TARGET = 17.0;
				LD_RUNPATH_SEARCH_PATHS = (
					"$(inherited)",
					"@executable_path/Frameworks",
				);
				MARKETING_VERSION = 1.0;
				PRODUCT_BUNDLE_IDENTIFIER = com.atcumt.NetworkManagerPractice;
				PRODUCT_NAME = "$(TARGET_NAME)";
				SWIFT_EMIT_LOC_STRINGS = YES;
				SWIFT_VERSION = 5.0;
				TARGETED_DEVICE_FAMILY = "1,2";
			};
			name = Release;
		};
		5C9A83A12ADD140200F2DCAC /* Debug */ = {
			isa = XCBuildConfiguration;
			buildSettings = {
				BUNDLE_LOADER = "$(TEST_HOST)";
				CODE_SIGN_STYLE = Automatic;
				CURRENT_PROJECT_VERSION = 1;
				DEVELOPMENT_TEAM = 95VT929YHJ;
				GENERATE_INFOPLIST_FILE = YES;
				IPHONEOS_DEPLOYMENT_TARGET = 17.0;
				MACOSX_DEPLOYMENT_TARGET = 14.0;
				MARKETING_VERSION = 1.0;
				PRODUCT_BUNDLE_IDENTIFIER = com.atcumt.NetworkManagerPracticeTests;
				PRODUCT_NAME = "$(TARGET_NAME)";
				SDKROOT = auto;
				SUPPORTED_PLATFORMS = "iphoneos iphonesimulator macosx";
				SWIFT_EMIT_LOC_STRINGS = NO;
				SWIFT_VERSION = 5.0;
				TARGETED_DEVICE_FAMILY = "1,2";
				TEST_HOST = "$(BUILT_PRODUCTS_DIR)/NetworkManagerPractice.app/$(BUNDLE_EXECUTABLE_FOLDER_PATH)/NetworkManagerPractice";
			};
			name = Debug;
		};
		5C9A83A22ADD140200F2DCAC /* Release */ = {
			isa = XCBuildConfiguration;
			buildSettings = {
				BUNDLE_LOADER = "$(TEST_HOST)";
				CODE_SIGN_STYLE = Automatic;
				CURRENT_PROJECT_VERSION = 1;
				DEVELOPMENT_TEAM = 95VT929YHJ;
				GENERATE_INFOPLIST_FILE = YES;
				IPHONEOS_DEPLOYMENT_TARGET = 17.0;
				MACOSX_DEPLOYMENT_TARGET = 14.0;
				MARKETING_VERSION = 1.0;
				PRODUCT_BUNDLE_IDENTIFIER = com.atcumt.NetworkManagerPracticeTests;
				PRODUCT_NAME = "$(TARGET_NAME)";
				SDKROOT = auto;
				SUPPORTED_PLATFORMS = "iphoneos iphonesimulator macosx";
				SWIFT_EMIT_LOC_STRINGS = NO;
				SWIFT_VERSION = 5.0;
				TARGETED_DEVICE_FAMILY = "1,2";
				TEST_HOST = "$(BUILT_PRODUCTS_DIR)/NetworkManagerPractice.app/$(BUNDLE_EXECUTABLE_FOLDER_PATH)/NetworkManagerPractice";
			};
			name = Release;
		};
/* End XCBuildConfiguration section */

/* Begin XCConfigurationList section */
		5C1FCD5A2ACEB0DE00FD6215 /* Build configuration list for PBXProject "FoodPicker" */ = {
			isa = XCConfigurationList;
			buildConfigurations = (
				5C1FCD6B2ACEB0DF00FD6215 /* Debug */,
				5C1FCD6C2ACEB0DF00FD6215 /* Release */,
			);
			defaultConfigurationIsVisible = 0;
			defaultConfigurationName = Release;
		};
		5C1FCD6D2ACEB0DF00FD6215 /* Build configuration list for PBXNativeTarget "FoodPicker" */ = {
			isa = XCConfigurationList;
			buildConfigurations = (
				5C1FCD6E2ACEB0DF00FD6215 /* Debug */,
				5C1FCD6F2ACEB0DF00FD6215 /* Release */,
			);
			defaultConfigurationIsVisible = 0;
			defaultConfigurationName = Release;
		};
		5C4B1B3F2AD5610600C573DE /* Build configuration list for PBXNativeTarget "FoodPickerTests" */ = {
			isa = XCConfigurationList;
			buildConfigurations = (
				5C4B1B402AD5610600C573DE /* Debug */,
				5C4B1B412AD5610600C573DE /* Release */,
			);
			defaultConfigurationIsVisible = 0;
			defaultConfigurationName = Release;
		};
		5C62901B2AD9363C00126370 /* Build configuration list for PBXNativeTarget "AsyncImageDemo" */ = {
			isa = XCConfigurationList;
			buildConfigurations = (
				5C6290192AD9363C00126370 /* Debug */,
				5C62901A2AD9363C00126370 /* Release */,
			);
			defaultConfigurationIsVisible = 0;
			defaultConfigurationName = Release;
		};
		5C64560D2ADA907A006CDBD4 /* Build configuration list for PBXNativeTarget "NetworkManagerPractice" */ = {
			isa = XCConfigurationList;
			buildConfigurations = (
				5C64560B2ADA907A006CDBD4 /* Debug */,
				5C64560C2ADA907A006CDBD4 /* Release */,
			);
			defaultConfigurationIsVisible = 0;
			defaultConfigurationName = Release;
		};
		5C9A83A02ADD140200F2DCAC /* Build configuration list for PBXNativeTarget "NetworkManagerPracticeTests" */ = {
			isa = XCConfigurationList;
			buildConfigurations = (
				5C9A83A12ADD140200F2DCAC /* Debug */,
				5C9A83A22ADD140200F2DCAC /* Release */,
			);
			defaultConfigurationIsVisible = 0;
			defaultConfigurationName = Release;
		};
/* End XCConfigurationList section */
	};
	rootObject = 5C1FCD572ACEB0DE00FD6215 /* Project object */;
}
